<?xml version="1.0" encoding="utf-8"?>
<Project ToolsVersion="4.0" xmlns="http://schemas.microsoft.com/developer/msbuild/2003">
  <ItemGroup>
    <Filter Include="Renderer">
      <UniqueIdentifier>{839f597f-aa29-443d-8f01-68cd512d66df}</UniqueIdentifier>
    </Filter>
    <Filter Include="Renderer\OGLRender">
      <UniqueIdentifier>{4bfd7f58-c7c3-454a-adb3-c497b1ed1791}</UniqueIdentifier>
    </Filter>
    <Filter Include="Renderer\DXRender">
      <UniqueIdentifier>{6e26dcf7-79f9-4832-b046-21894b717dd6}</UniqueIdentifier>
    </Filter>
    <Filter Include="Renderer\SoftRender">
      <UniqueIdentifier>{b6edf8bc-39b1-4b79-b3c9-f4b0f9b6b714}</UniqueIdentifier>
    </Filter>
    <Filter Include="Renderer\VlkRender">
      <UniqueIdentifier>{1a56c5c9-43c0-4cfb-8fa7-a588533634cd}</UniqueIdentifier>
    </Filter>
    <Filter Include="Resource">
      <UniqueIdentifier>{3d757937-fa32-4ea2-96d6-e06095a1375e}</UniqueIdentifier>
    </Filter>
    <Filter Include="_PrecompiledHeaders">
      <UniqueIdentifier>{e0f44055-7dbb-48ba-af68-3dc2a202738e}</UniqueIdentifier>
    </Filter>
    <Filter Include="SceneGraph">
      <UniqueIdentifier>{4733f0b6-f416-4f2e-a6c5-f2bc397ba4d0}</UniqueIdentifier>
    </Filter>
    <Filter Include="Shaders">
      <UniqueIdentifier>{146bfd9a-92cc-469f-a6f9-620c399a7008}</UniqueIdentifier>
    </Filter>
    <Filter Include="ShaderStream">
      <UniqueIdentifier>{35b5e524-a997-4a6d-bbf3-7b6fb9155604}</UniqueIdentifier>
    </Filter>
  </ItemGroup>
  <ItemGroup>
    <ClInclude Include="Graphics.h" />
    <ClInclude Include="GraphicsPCH.h">
      <Filter>_PrecompiledHeaders</Filter>
    </ClInclude>
    <ClInclude Include="GraphicsLib.h" />
    <ClInclude Include="Renderer\DxRenderer\Dx11BlendState.h">
      <Filter>Renderer\DXRender</Filter>
    </ClInclude>
    <ClInclude Include="Renderer\DxRenderer\Dx11Buffer.h">
      <Filter>Renderer\DXRender</Filter>
    </ClInclude>
    <ClInclude Include="Renderer\DxRenderer\Dx11ConstantBuffer.h">
      <Filter>Renderer\DXRender</Filter>
    </ClInclude>
    <ClInclude Include="Renderer\DxRenderer\Dx11DepthStencilState.h">
      <Filter>Renderer\DXRender</Filter>
    </ClInclude>
    <ClInclude Include="Renderer\DxRenderer\Dx11Mesh.h">
      <Filter>Renderer\DXRender</Filter>
    </ClInclude>
    <ClInclude Include="Renderer\DxRenderer\Dx11PipelineState.h">
      <Filter>Renderer\DXRender</Filter>
    </ClInclude>
    <ClInclude Include="Renderer\DxRenderer\Dx11Query.h">
      <Filter>Renderer\DXRender</Filter>
    </ClInclude>
    <ClInclude Include="Renderer\DxRenderer\Dx11RasterizerState.h">
      <Filter>Renderer\DXRender</Filter>
    </ClInclude>
    <ClInclude Include="Renderer\DxRenderer\Dx11Renderer.h">
      <Filter>Renderer\DXRender</Filter>
    </ClInclude>
    <ClInclude Include="Renderer\DxRenderer\Dx11RenderLIB.h">
      <Filter>Renderer\DXRender</Filter>
    </ClInclude>
    <ClInclude Include="Renderer\DxRenderer\Dx11RenderTarget.h">
      <Filter>Renderer\DXRender</Filter>
    </ClInclude>
    <ClInclude Include="Renderer\DxRenderer\Dx11RenderWindow.h">
      <Filter>Renderer\DXRender</Filter>
    </ClInclude>
    <ClInclude Include="Renderer\DxRenderer\Dx11SamplerState.h">
      <Filter>Renderer\DXRender</Filter>
    </ClInclude>
    <ClInclude Include="Renderer\DxRenderer\Dx11Scene.h">
      <Filter>Renderer\DXRender</Filter>
    </ClInclude>
    <ClInclude Include="Renderer\DxRenderer\Dx11Shader.h">
      <Filter>Renderer\DXRender</Filter>
    </ClInclude>
    <ClInclude Include="Renderer\DxRenderer\Dx11ShaderParameter.h">
      <Filter>Renderer\DXRender</Filter>
    </ClInclude>
    <ClInclude Include="Renderer\DxRenderer\Dx11StructureBuffer.h">
      <Filter>Renderer\DXRender</Filter>
    </ClInclude>
    <ClInclude Include="Renderer\DxRenderer\Dx11Texture.h">
      <Filter>Renderer\DXRender</Filter>
    </ClInclude>
    <ClInclude Include="Renderer\DxRenderer\Dx11UnorderedAccessBuffer.h">
      <Filter>Renderer\DXRender</Filter>
    </ClInclude>
    <ClInclude Include="Renderer\DxRenderer\Dx11VertexIndexBuffer.h">
      <Filter>Renderer\DXRender</Filter>
    </ClInclude>
    <ClInclude Include="Renderer\ProgressWindow.h">
      <Filter>Renderer</Filter>
    </ClInclude>
    <ClInclude Include="Renderer\Renderer.h">
      <Filter>Renderer</Filter>
    </ClInclude>
    <ClInclude Include="Renderer\RenderWindow.h">
      <Filter>Renderer</Filter>
    </ClInclude>
    <ClInclude Include="Resource\BlendState.h">
      <Filter>Resource</Filter>
    </ClInclude>
    <ClInclude Include="Resource\Buffer.h">
      <Filter>Resource</Filter>
    </ClInclude>
    <ClInclude Include="Resource\BufferBase.h">
      <Filter>Resource</Filter>
    </ClInclude>
    <ClInclude Include="Resource\BufferBinding.h">
      <Filter>Resource</Filter>
    </ClInclude>
    <ClInclude Include="Resource\ColorRGBA.h">
      <Filter>Resource</Filter>
    </ClInclude>
    <ClInclude Include="Resource\ConstantBuffer.h">
      <Filter>Resource</Filter>
    </ClInclude>
    <ClInclude Include="Resource\CPUAccess.h">
      <Filter>Resource</Filter>
    </ClInclude>
    <ClInclude Include="Resource\DepthStencilState.h">
      <Filter>Resource</Filter>
    </ClInclude>
    <ClInclude Include="Resource\PipelineState.h">
      <Filter>Resource</Filter>
    </ClInclude>
    <ClInclude Include="Resource\Pixel.h">
      <Filter>Resource</Filter>
    </ClInclude>
    <ClInclude Include="Resource\Query.h">
      <Filter>Resource</Filter>
    </ClInclude>
    <ClInclude Include="Resource\RasterizerState.h">
      <Filter>Resource</Filter>
    </ClInclude>
    <ClInclude Include="Resource\Ray.h">
      <Filter>Resource</Filter>
    </ClInclude>
    <ClInclude Include="Resource\RayCast.h">
      <Filter>Resource</Filter>
    </ClInclude>
    <ClInclude Include="Resource\RenderEventArgs.h">
      <Filter>Resource</Filter>
    </ClInclude>
    <ClInclude Include="Resource\RenderTarget.h">
      <Filter>Resource</Filter>
    </ClInclude>
    <ClInclude Include="Resource\SamplerState.h">
      <Filter>Resource</Filter>
    </ClInclude>
    <ClInclude Include="Resource\StructBuffer.h">
      <Filter>Resource</Filter>
    </ClInclude>
    <ClInclude Include="Resource\StructuredBuffer.h">
      <Filter>Resource</Filter>
    </ClInclude>
    <ClInclude Include="Resource\Texture.h">
      <Filter>Resource</Filter>
    </ClInclude>
    <ClInclude Include="Resource\Transform.h">
      <Filter>Resource</Filter>
    </ClInclude>
    <ClInclude Include="Resource\UnorderedAccessBuffer.h">
      <Filter>Resource</Filter>
    </ClInclude>
    <ClInclude Include="Resource\VertexBufferAccessor.h">
      <Filter>Resource</Filter>
    </ClInclude>
    <ClInclude Include="Resource\VertexFormat.h">
      <Filter>Resource</Filter>
    </ClInclude>
    <ClInclude Include="SceneGraph\Camera.h">
      <Filter>SceneGraph</Filter>
    </ClInclude>
    <ClInclude Include="SceneGraph\ClearFlag.h">
      <Filter>SceneGraph</Filter>
    </ClInclude>
    <ClInclude Include="SceneGraph\Culler.h">
      <Filter>SceneGraph</Filter>
    </ClInclude>
    <ClInclude Include="SceneGraph\Light.h">
      <Filter>SceneGraph</Filter>
    </ClInclude>
    <ClInclude Include="SceneGraph\Material.h">
      <Filter>SceneGraph</Filter>
    </ClInclude>
    <ClInclude Include="SceneGraph\Mesh.h">
      <Filter>SceneGraph</Filter>
    </ClInclude>
    <ClInclude Include="SceneGraph\Node.h">
      <Filter>SceneGraph</Filter>
    </ClInclude>
    <ClInclude Include="SceneGraph\Scene.h">
      <Filter>SceneGraph</Filter>
    </ClInclude>
    <ClInclude Include="SceneGraph\SceneBase.h">
      <Filter>SceneGraph</Filter>
    </ClInclude>
    <ClInclude Include="SceneGraph\Triangle.h">
      <Filter>SceneGraph</Filter>
    </ClInclude>
    <ClInclude Include="SceneGraph\TriMesh.h">
      <Filter>SceneGraph</Filter>
    </ClInclude>
    <ClInclude Include="SceneGraph\Visitor.h">
      <Filter>SceneGraph</Filter>
    </ClInclude>
    <ClInclude Include="SceneGraph\Visual.h">
      <Filter>SceneGraph</Filter>
    </ClInclude>
    <ClInclude Include="SceneGraph\VisualEffect.h">
      <Filter>SceneGraph</Filter>
    </ClInclude>
    <ClInclude Include="SceneGraph\VisualEffectInstance.h">
      <Filter>SceneGraph</Filter>
    </ClInclude>
    <ClInclude Include="SceneGraph\VisualPass.h">
      <Filter>SceneGraph</Filter>
    </ClInclude>
    <ClInclude Include="SceneGraph\VisualTechnique.h">
      <Filter>SceneGraph</Filter>
    </ClInclude>
    <ClInclude Include="Shader\DefaultShader.h">
      <Filter>Shaders</Filter>
    </ClInclude>
    <ClInclude Include="Shader\Shader.h">
      <Filter>Shaders</Filter>
    </ClInclude>
    <ClInclude Include="Shader\ShaderParameter.h">
      <Filter>Shaders</Filter>
    </ClInclude>
    <ClInclude Include="ShaderStream\ShaderFloat.h">
      <Filter>ShaderStream</Filter>
    </ClInclude>
    <ClInclude Include="ShaderStream\ShaderMMatrix.h">
      <Filter>ShaderStream</Filter>
    </ClInclude>
    <ClInclude Include="ShaderStream\ShaderPMatrix.h">
      <Filter>ShaderStream</Filter>
    </ClInclude>
    <ClInclude Include="ShaderStream\ShaderVMatrix.h">
      <Filter>ShaderStream</Filter>
    </ClInclude>
    <ClInclude Include="SceneGraph\Spatial.h">
      <Filter>SceneGraph</Filter>
    </ClInclude>
    <ClInclude Include="SceneGraph\StandardMesh.h">
      <Filter>SceneGraph</Filter>
    </ClInclude>
    <ClInclude Include="Resource\VertexIndexBuffer.h">
      <Filter>Resource</Filter>
    </ClInclude>
  </ItemGroup>
  <ItemGroup>
    <ClCompile Include="GraphicsPCH.cpp">
      <Filter>_PrecompiledHeaders</Filter>
    </ClCompile>
    <ClCompile Include="Renderer\DxRenderer\Dx11BlendState.cpp">
      <Filter>Renderer\DXRender</Filter>
    </ClCompile>
    <ClCompile Include="Renderer\DxRenderer\Dx11Buffer.cpp">
      <Filter>Renderer\DXRender</Filter>
    </ClCompile>
    <ClCompile Include="Renderer\DxRenderer\Dx11ConstantBuffer.cpp">
      <Filter>Renderer\DXRender</Filter>
    </ClCompile>
    <ClCompile Include="Renderer\DxRenderer\Dx11DepthStencilState.cpp">
      <Filter>Renderer\DXRender</Filter>
    </ClCompile>
    <ClCompile Include="Renderer\DxRenderer\Dx11Mesh.cpp">
      <Filter>Renderer\DXRender</Filter>
    </ClCompile>
    <ClCompile Include="Renderer\DxRenderer\Dx11PipelineState.cpp">
      <Filter>Renderer\DXRender</Filter>
    </ClCompile>
    <ClCompile Include="Renderer\DxRenderer\Dx11Query.cpp">
      <Filter>Renderer\DXRender</Filter>
    </ClCompile>
    <ClCompile Include="Renderer\DxRenderer\Dx11RasterizerState.cpp">
      <Filter>Renderer\DXRender</Filter>
    </ClCompile>
    <ClCompile Include="Renderer\DxRenderer\Dx11Renderer.cpp">
      <Filter>Renderer\DXRender</Filter>
    </ClCompile>
    <ClCompile Include="Renderer\DxRenderer\Dx11RenderTarget.cpp">
      <Filter>Renderer\DXRender</Filter>
    </ClCompile>
    <ClCompile Include="Renderer\DxRenderer\Dx11RenderWindow.cpp">
      <Filter>Renderer\DXRender</Filter>
    </ClCompile>
    <ClCompile Include="Renderer\DxRenderer\Dx11SamplerState.cpp">
      <Filter>Renderer\DXRender</Filter>
    </ClCompile>
    <ClCompile Include="Renderer\DxRenderer\Dx11Scene.cpp">
      <Filter>Renderer\DXRender</Filter>
    </ClCompile>
    <ClCompile Include="Renderer\DxRenderer\Dx11Shader.cpp">
      <Filter>Renderer\DXRender</Filter>
    </ClCompile>
    <ClCompile Include="Renderer\DxRenderer\Dx11ShaderParameter.cpp">
      <Filter>Renderer\DXRender</Filter>
    </ClCompile>
    <ClCompile Include="Renderer\DxRenderer\Dx11StructureBuffer.cpp">
      <Filter>Renderer\DXRender</Filter>
    </ClCompile>
    <ClCompile Include="Renderer\DxRenderer\Dx11Texture.cpp">
      <Filter>Renderer\DXRender</Filter>
    </ClCompile>
    <ClCompile Include="Renderer\DxRenderer\Dx11UnorderedAccessBuffer.cpp">
      <Filter>Renderer\DXRender</Filter>
    </ClCompile>
    <ClCompile Include="Renderer\DxRenderer\Dx11VertexIndexBuffer.cpp">
      <Filter>Renderer\DXRender</Filter>
    </ClCompile>
    <ClCompile Include="Renderer\ProgressWindow.cpp">
      <Filter>Renderer</Filter>
    </ClCompile>
    <ClCompile Include="Renderer\Renderer.cpp">
      <Filter>Renderer</Filter>
    </ClCompile>
    <ClCompile Include="Renderer\RenderWindow.cpp">
      <Filter>Renderer</Filter>
    </ClCompile>
    <ClCompile Include="Resource\Ray.cpp">
      <Filter>Resource</Filter>
    </ClCompile>
    <ClCompile Include="Resource\Transform.cpp">
      <Filter>Resource</Filter>
    </ClCompile>
    <ClCompile Include="Resource\VertexBufferAccessor.cpp">
      <Filter>Resource</Filter>
    </ClCompile>
    <ClCompile Include="Resource\VertexFormat.cpp">
      <Filter>Resource</Filter>
    </ClCompile>
    <ClCompile Include="SceneGraph\Camera.cpp">
      <Filter>SceneGraph</Filter>
    </ClCompile>
    <ClCompile Include="SceneGraph\Culler.cpp">
      <Filter>SceneGraph</Filter>
    </ClCompile>
    <ClCompile Include="SceneGraph\Material.cpp">
      <Filter>SceneGraph</Filter>
    </ClCompile>
    <ClCompile Include="SceneGraph\Node.cpp">
      <Filter>SceneGraph</Filter>
    </ClCompile>
    <ClCompile Include="SceneGraph\Scene.cpp">
      <Filter>SceneGraph</Filter>
    </ClCompile>
    <ClCompile Include="SceneGraph\SceneBase.cpp">
      <Filter>SceneGraph</Filter>
    </ClCompile>
    <ClCompile Include="SceneGraph\Triangle.cpp">
      <Filter>SceneGraph</Filter>
    </ClCompile>
    <ClCompile Include="SceneGraph\TriMesh.cpp">
      <Filter>SceneGraph</Filter>
    </ClCompile>
    <ClCompile Include="SceneGraph\Visual.cpp">
      <Filter>SceneGraph</Filter>
    </ClCompile>
    <ClCompile Include="SceneGraph\VisualEffect.cpp">
      <Filter>SceneGraph</Filter>
    </ClCompile>
    <ClCompile Include="SceneGraph\VisualEffectInstance.cpp">
      <Filter>SceneGraph</Filter>
    </ClCompile>
    <ClCompile Include="SceneGraph\VisualTechnique.cpp">
      <Filter>SceneGraph</Filter>
    </ClCompile>
    <ClCompile Include="Shader\DefaultShader.cpp">
      <Filter>Shaders</Filter>
    </ClCompile>
    <ClCompile Include="Shader\ShaderParameter.cpp">
      <Filter>Shaders</Filter>
    </ClCompile>
    <ClCompile Include="ShaderStream\ShaderFloat.cpp">
      <Filter>ShaderStream</Filter>
    </ClCompile>
    <ClCompile Include="ShaderStream\ShaderMMatrix.cpp">
      <Filter>ShaderStream</Filter>
    </ClCompile>
    <ClCompile Include="ShaderStream\ShaderPMatrix.cpp">
      <Filter>ShaderStream</Filter>
    </ClCompile>
    <ClCompile Include="ShaderStream\ShaderVMatrix.cpp">
      <Filter>ShaderStream</Filter>
    </ClCompile>
    <ClCompile Include="SceneGraph\Spatial.cpp">
      <Filter>SceneGraph</Filter>
    </ClCompile>
    <ClCompile Include="SceneGraph\StandardMesh.cpp">
      <Filter>SceneGraph</Filter>
    </ClCompile>
    <ClCompile Include="SceneGraph\Mesh.cpp">
      <Filter>SceneGraph</Filter>
    </ClCompile>
  </ItemGroup>
</Project>