<?xml version="1.0" encoding="utf-8"?>
<Project ToolsVersion="4.0" xmlns="http://schemas.microsoft.com/developer/msbuild/2003">
  <ItemGroup>
    <Filter Include="Renderer">
      <UniqueIdentifier>{839f597f-aa29-443d-8f01-68cd512d66df}</UniqueIdentifier>
    </Filter>
    <Filter Include="Renderer\OGLRender">
      <UniqueIdentifier>{4bfd7f58-c7c3-454a-adb3-c497b1ed1791}</UniqueIdentifier>
    </Filter>
    <Filter Include="Renderer\DXRender">
      <UniqueIdentifier>{6e26dcf7-79f9-4832-b046-21894b717dd6}</UniqueIdentifier>
    </Filter>
    <Filter Include="Renderer\SoftRender">
      <UniqueIdentifier>{b6edf8bc-39b1-4b79-b3c9-f4b0f9b6b714}</UniqueIdentifier>
    </Filter>
    <Filter Include="Renderer\VlkRender">
      <UniqueIdentifier>{1a56c5c9-43c0-4cfb-8fa7-a588533634cd}</UniqueIdentifier>
    </Filter>
    <Filter Include="Resource">
      <UniqueIdentifier>{3d757937-fa32-4ea2-96d6-e06095a1375e}</UniqueIdentifier>
    </Filter>
    <Filter Include="_PrecompiledHeaders">
      <UniqueIdentifier>{e0f44055-7dbb-48ba-af68-3dc2a202738e}</UniqueIdentifier>
    </Filter>
    <Filter Include="SceneGraph">
      <UniqueIdentifier>{4733f0b6-f416-4f2e-a6c5-f2bc397ba4d0}</UniqueIdentifier>
    </Filter>
    <Filter Include="Shaders">
      <UniqueIdentifier>{146bfd9a-92cc-469f-a6f9-620c399a7008}</UniqueIdentifier>
    </Filter>
    <Filter Include="DataType">
      <UniqueIdentifier>{d0e8c93e-fa01-4b83-ab90-034b9508f18a}</UniqueIdentifier>
    </Filter>
    <Filter Include="ShaderStream">
      <UniqueIdentifier>{35b5e524-a997-4a6d-bbf3-7b6fb9155604}</UniqueIdentifier>
    </Filter>
  </ItemGroup>
  <ItemGroup>
    <ClInclude Include="Renderer.h">
      <Filter>Renderer</Filter>
    </ClInclude>
    <ClInclude Include="Graphics.h" />
    <ClInclude Include="Dx11RenderLIB.h">
      <Filter>Renderer\DXRender</Filter>
    </ClInclude>
    <ClInclude Include="GraphicsPCH.h">
      <Filter>_PrecompiledHeaders</Filter>
    </ClInclude>
    <ClInclude Include="Visual.h">
      <Filter>SceneGraph</Filter>
    </ClInclude>
    <ClInclude Include="VisualPass.h">
      <Filter>Shaders</Filter>
    </ClInclude>
    <ClInclude Include="ColorRGBA.h">
      <Filter>Resource</Filter>
    </ClInclude>
    <ClInclude Include="Dx11Renderer.h">
      <Filter>Renderer\DXRender</Filter>
    </ClInclude>
    <ClInclude Include="VertexFormat.h">
      <Filter>Resource</Filter>
    </ClInclude>
    <ClInclude Include="Transform.h">
      <Filter>DataType</Filter>
    </ClInclude>
    <ClInclude Include="Spatial.h">
      <Filter>SceneGraph</Filter>
    </ClInclude>
    <ClInclude Include="Shader.h">
      <Filter>Shaders</Filter>
    </ClInclude>
    <ClInclude Include="ShaderFloat.h">
      <Filter>ShaderStream</Filter>
    </ClInclude>
    <ClInclude Include="ShaderVMatrix.h">
      <Filter>ShaderStream</Filter>
    </ClInclude>
    <ClInclude Include="VisualTechnique.h">
      <Filter>Shaders</Filter>
    </ClInclude>
    <ClInclude Include="VisualEffectInstance.h">
      <Filter>Shaders</Filter>
    </ClInclude>
    <ClInclude Include="VisualEffect.h">
      <Filter>Shaders</Filter>
    </ClInclude>
    <ClInclude Include="Texture.h">
      <Filter>Resource</Filter>
    </ClInclude>
    <ClInclude Include="Camera.h">
      <Filter>SceneGraph</Filter>
    </ClInclude>
    <ClInclude Include="Node.h">
      <Filter>SceneGraph</Filter>
    </ClInclude>
    <ClInclude Include="Culler.h">
      <Filter>SceneGraph</Filter>
    </ClInclude>
    <ClInclude Include="Dx11RenderTarget.h">
      <Filter>Renderer\DXRender</Filter>
    </ClInclude>
    <ClInclude Include="RenderTarget.h">
      <Filter>Resource</Filter>
    </ClInclude>
    <ClInclude Include="Light.h">
      <Filter>SceneGraph</Filter>
    </ClInclude>
    <ClInclude Include="Material.h">
      <Filter>SceneGraph</Filter>
    </ClInclude>
    <ClInclude Include="Triangle.h">
      <Filter>SceneGraph</Filter>
    </ClInclude>
    <ClInclude Include="TriMesh.h">
      <Filter>SceneGraph</Filter>
    </ClInclude>
    <ClInclude Include="VertexBufferAccessor.h">
      <Filter>Resource</Filter>
    </ClInclude>
    <ClInclude Include="StandardMesh.h">
      <Filter>SceneGraph</Filter>
    </ClInclude>
    <ClInclude Include="ShaderPMatrix.h">
      <Filter>ShaderStream</Filter>
    </ClInclude>
    <ClInclude Include="ShaderMMatrix.h">
      <Filter>ShaderStream</Filter>
    </ClInclude>
    <ClInclude Include="Dx11Shader.h">
      <Filter>Renderer\DXRender</Filter>
    </ClInclude>
    <ClInclude Include="SamplerState.h">
      <Filter>Resource</Filter>
    </ClInclude>
    <ClInclude Include="StructuredBuffer.h">
      <Filter>Resource</Filter>
    </ClInclude>
    <ClInclude Include="Dx11ShaderParameter.h">
      <Filter>Renderer\DXRender</Filter>
    </ClInclude>
    <ClInclude Include="BufferBinding.h">
      <Filter>Resource</Filter>
    </ClInclude>
    <ClInclude Include="DepthStencilState.h">
      <Filter>Resource</Filter>
    </ClInclude>
    <ClInclude Include="ShaderParameter.h">
      <Filter>Shaders</Filter>
    </ClInclude>
    <ClInclude Include="ConstantBuffer.h">
      <Filter>Resource</Filter>
    </ClInclude>
    <ClInclude Include="Dx11ConstantBuffer.h">
      <Filter>Renderer\DXRender</Filter>
    </ClInclude>
    <ClInclude Include="Dx11StructureBuffer.h">
      <Filter>Renderer\DXRender</Filter>
    </ClInclude>
    <ClInclude Include="CPUAccess.h">
      <Filter>Resource</Filter>
    </ClInclude>
    <ClInclude Include="Dx11DepthStencilState.h">
      <Filter>Renderer\DXRender</Filter>
    </ClInclude>
    <ClInclude Include="Dx11SamplerState.h">
      <Filter>Renderer\DXRender</Filter>
    </ClInclude>
    <ClInclude Include="Mesh.h">
      <Filter>SceneGraph</Filter>
    </ClInclude>
    <ClInclude Include="Pixel.h">
      <Filter>SceneGraph</Filter>
    </ClInclude>
    <ClInclude Include="Dx11Mesh.h">
      <Filter>Renderer\DXRender</Filter>
    </ClInclude>
    <ClInclude Include="Dx11PipelineState.h">
      <Filter>Renderer\DXRender</Filter>
    </ClInclude>
    <ClInclude Include="RenderEventArgs.h">
      <Filter>Resource</Filter>
    </ClInclude>
    <ClInclude Include="PipelineState.h">
      <Filter>Resource</Filter>
    </ClInclude>
    <ClInclude Include="Dx11BlendState.h">
      <Filter>Renderer\DXRender</Filter>
    </ClInclude>
    <ClInclude Include="BlendState.h">
      <Filter>Resource</Filter>
    </ClInclude>
    <ClInclude Include="Visitor.h">
      <Filter>SceneGraph</Filter>
    </ClInclude>
    <ClInclude Include="RasterizerState.h">
      <Filter>Resource</Filter>
    </ClInclude>
    <ClInclude Include="Scene.h">
      <Filter>SceneGraph</Filter>
    </ClInclude>
    <ClInclude Include="SceneBase.h">
      <Filter>SceneGraph</Filter>
    </ClInclude>
    <ClInclude Include="Ray.h">
      <Filter>Resource</Filter>
    </ClInclude>
    <ClInclude Include="RayCast.h">
      <Filter>Resource</Filter>
    </ClInclude>
    <ClInclude Include="Dx11RasterizerState.h">
      <Filter>Renderer\DXRender</Filter>
    </ClInclude>
    <ClInclude Include="Dx11Texture.h">
      <Filter>Renderer\DXRender</Filter>
    </ClInclude>
    <ClInclude Include="Dx11Scene.h">
      <Filter>Renderer\DXRender</Filter>
    </ClInclude>
    <ClInclude Include="Query.h">
      <Filter>Resource</Filter>
    </ClInclude>
    <ClInclude Include="Dx11Query.h">
      <Filter>Renderer\DXRender</Filter>
    </ClInclude>
    <ClInclude Include="ClearFlag.h">
      <Filter>SceneGraph</Filter>
    </ClInclude>
    <ClInclude Include="SoftRenderData.h">
      <Filter>Renderer\SoftRender</Filter>
    </ClInclude>
    <ClInclude Include="Dx11RenderWindow.h">
      <Filter>Renderer\DXRender</Filter>
    </ClInclude>
    <ClInclude Include="RenderWindow.h">
      <Filter>Renderer</Filter>
    </ClInclude>
    <ClInclude Include="ProgressWindow.h">
      <Filter>Renderer</Filter>
    </ClInclude>
    <ClInclude Include="GraphicsLib.h" />
    <ClInclude Include="RawResource\ByteAddressBuffer.h">
      <Filter>Resource</Filter>
    </ClInclude>
    <ClInclude Include="BufferBase.h">
      <Filter>Resource</Filter>
    </ClInclude>
    <ClInclude Include="Buffer.h">
      <Filter>Resource</Filter>
    </ClInclude>
    <ClInclude Include="UnorderedAccessBuffer.h">
      <Filter>Resource</Filter>
    </ClInclude>
    <ClInclude Include="Renderer\DxRenderer\Dx11UnorderedAccessBuffer.h">
      <Filter>Renderer\DXRender</Filter>
    </ClInclude>
    <ClInclude Include="Dx11VertexIndexBuffer.h">
      <Filter>Renderer\DXRender</Filter>
    </ClInclude>
    <ClInclude Include="Dx11Buffer.h">
      <Filter>Renderer\DXRender</Filter>
    </ClInclude>
  </ItemGroup>
  <ItemGroup>
    <ClCompile Include="Renderer.cpp">
      <Filter>Renderer</Filter>
    </ClCompile>
    <ClCompile Include="GraphicsPCH.cpp">
      <Filter>_PrecompiledHeaders</Filter>
    </ClCompile>
    <ClCompile Include="Dx11Renderer.cpp">
      <Filter>Renderer\DXRender</Filter>
    </ClCompile>
    <ClCompile Include="Visual.cpp">
      <Filter>SceneGraph</Filter>
    </ClCompile>
    <ClCompile Include="VertexFormat.cpp">
      <Filter>Resource</Filter>
    </ClCompile>
    <ClCompile Include="ShaderFloat.cpp">
      <Filter>ShaderStream</Filter>
    </ClCompile>
    <ClCompile Include="ShaderVMatrix.cpp">
      <Filter>ShaderStream</Filter>
    </ClCompile>
    <ClCompile Include="VisualTechnique.cpp">
      <Filter>Shaders</Filter>
    </ClCompile>
    <ClCompile Include="VisualEffect.cpp">
      <Filter>Shaders</Filter>
    </ClCompile>
    <ClCompile Include="VisualEffectInstance.cpp">
      <Filter>Shaders</Filter>
    </ClCompile>
    <ClCompile Include="Spatial.cpp">
      <Filter>SceneGraph</Filter>
    </ClCompile>
    <ClCompile Include="Transform.cpp">
      <Filter>DataType</Filter>
    </ClCompile>
    <ClCompile Include="Camera.cpp">
      <Filter>SceneGraph</Filter>
    </ClCompile>
    <ClCompile Include="Dx11RenderTarget.cpp">
      <Filter>Renderer\DXRender</Filter>
    </ClCompile>
    <ClCompile Include="Culler.cpp">
      <Filter>SceneGraph</Filter>
    </ClCompile>
    <ClCompile Include="Triangle.cpp">
      <Filter>SceneGraph</Filter>
    </ClCompile>
    <ClCompile Include="TriMesh.cpp">
      <Filter>SceneGraph</Filter>
    </ClCompile>
    <ClCompile Include="StandardMesh.cpp">
      <Filter>SceneGraph</Filter>
    </ClCompile>
    <ClCompile Include="VertexBufferAccessor.cpp">
      <Filter>Resource</Filter>
    </ClCompile>
    <ClCompile Include="ShaderMMatrix.cpp">
      <Filter>ShaderStream</Filter>
    </ClCompile>
    <ClCompile Include="ShaderPMatrix.cpp">
      <Filter>ShaderStream</Filter>
    </ClCompile>
    <ClCompile Include="Dx11Shader.cpp">
      <Filter>Renderer\DXRender</Filter>
    </ClCompile>
    <ClCompile Include="Dx11ConstantBuffer.cpp">
      <Filter>Renderer\DXRender</Filter>
    </ClCompile>
    <ClCompile Include="Dx11StructureBuffer.cpp">
      <Filter>Renderer\DXRender</Filter>
    </ClCompile>
    <ClCompile Include="Dx11ShaderParameter.cpp">
      <Filter>Renderer\DXRender</Filter>
    </ClCompile>
    <ClCompile Include="Node.cpp">
      <Filter>SceneGraph</Filter>
    </ClCompile>
    <ClCompile Include="Dx11BlendState.cpp">
      <Filter>Renderer\DXRender</Filter>
    </ClCompile>
    <ClCompile Include="Ray.cpp">
      <Filter>Resource</Filter>
    </ClCompile>
    <ClCompile Include="SceneBase.cpp">
      <Filter>SceneGraph</Filter>
    </ClCompile>
    <ClCompile Include="Dx11DepthStencilState.cpp">
      <Filter>Renderer\DXRender</Filter>
    </ClCompile>
    <ClCompile Include="Dx11RasterizerState.cpp">
      <Filter>Renderer\DXRender</Filter>
    </ClCompile>
    <ClCompile Include="Dx11Mesh.cpp">
      <Filter>Renderer\DXRender</Filter>
    </ClCompile>
    <ClCompile Include="Dx11Texture.cpp">
      <Filter>Renderer\DXRender</Filter>
    </ClCompile>
    <ClCompile Include="Dx11PipelineState.cpp">
      <Filter>Renderer\DXRender</Filter>
    </ClCompile>
    <ClCompile Include="Material.cpp">
      <Filter>SceneGraph</Filter>
    </ClCompile>
    <ClCompile Include="Dx11Scene.cpp">
      <Filter>Renderer\DXRender</Filter>
    </ClCompile>
    <ClCompile Include="Dx11SamplerState.cpp">
      <Filter>Renderer\DXRender</Filter>
    </ClCompile>
    <ClCompile Include="ShaderParameter.cpp">
      <Filter>Shaders</Filter>
    </ClCompile>
    <ClCompile Include="Dx11Query.cpp">
      <Filter>Renderer\DXRender</Filter>
    </ClCompile>
    <ClCompile Include="RenderWindow.cpp">
      <Filter>Renderer</Filter>
    </ClCompile>
    <ClCompile Include="Dx11RenderWindow.cpp">
      <Filter>Renderer\DXRender</Filter>
    </ClCompile>
    <ClCompile Include="ProgressWindow.cpp">
      <Filter>Renderer</Filter>
    </ClCompile>
    <ClCompile Include="Scene.cpp">
      <Filter>SceneGraph</Filter>
    </ClCompile>
    <ClCompile Include="Renderer\DxRenderer\Dx11UnorderedAccessBuffer.cpp">
      <Filter>Renderer\DXRender</Filter>
    </ClCompile>
    <ClCompile Include="Dx11VertexIndexBuffer.cpp">
      <Filter>Renderer\DXRender</Filter>
    </ClCompile>
    <ClCompile Include="Dx11Buffer.cpp">
      <Filter>Renderer\DXRender</Filter>
    </ClCompile>
  </ItemGroup>
</Project>