<?xml version="1.0" encoding="utf-8"?>
<Project ToolsVersion="4.0" xmlns="http://schemas.microsoft.com/developer/msbuild/2003">
  <ItemGroup>
    <Filter Include="源文件">
      <UniqueIdentifier>{4FC737F1-C7A5-4376-A066-2A32D752A2FF}</UniqueIdentifier>
      <Extensions>cpp;c;cc;cxx;def;odl;idl;hpj;bat;asm;asmx</Extensions>
    </Filter>
    <Filter Include="资源文件">
      <UniqueIdentifier>{67DA6AB6-F800-4c08-8B7A-83BB121AAD01}</UniqueIdentifier>
      <Extensions>rc;ico;cur;bmp;dlg;rc2;rct;bin;rgs;gif;jpg;jpeg;jpe;resx;tiff;tif;png;wav;mfcribbon-ms</Extensions>
    </Filter>
    <Filter Include="Headers">
      <UniqueIdentifier>{865884c3-b55d-4a7e-b988-a1f81dcbb0b5}</UniqueIdentifier>
    </Filter>
    <Filter Include="资源文件\Voxel">
      <UniqueIdentifier>{ec57997e-39a3-4f80-acaa-a25f1bb4cec3}</UniqueIdentifier>
    </Filter>
    <Filter Include="资源文件\Voxel\Voxelization">
      <UniqueIdentifier>{8f7570ed-617d-4568-aa7f-4f5e53247bcc}</UniqueIdentifier>
    </Filter>
    <Filter Include="资源文件\Common">
      <UniqueIdentifier>{ac86aed8-447c-4d8f-9240-1b9681b2c410}</UniqueIdentifier>
    </Filter>
    <Filter Include="资源文件\Forward">
      <UniqueIdentifier>{2aac7da6-682e-4bdb-9281-524de5474562}</UniqueIdentifier>
    </Filter>
    <Filter Include="资源文件\DeferredRendering">
      <UniqueIdentifier>{68a3c82e-d0a4-487d-992e-a0d7dbf8fb8d}</UniqueIdentifier>
    </Filter>
    <Filter Include="资源文件\ForwardPlus">
      <UniqueIdentifier>{843cfa9e-c237-471d-b9d4-d06bdafe7822}</UniqueIdentifier>
    </Filter>
    <Filter Include="资源文件\Data">
      <UniqueIdentifier>{c065575e-070b-4b03-9cc0-0aa47be2b528}</UniqueIdentifier>
    </Filter>
    <Filter Include="资源文件\Data\Dx11ShaderEffect">
      <UniqueIdentifier>{60ebd437-3f1a-4c9e-8616-1b4d238e2085}</UniqueIdentifier>
    </Filter>
    <Filter Include="资源文件\Data\Pass">
      <UniqueIdentifier>{99e6a150-0bd1-416c-bb86-185ac3e181cc}</UniqueIdentifier>
    </Filter>
    <Filter Include="资源文件\Voxel\OctTree">
      <UniqueIdentifier>{5a4b49ff-567b-4182-91af-124004b7a484}</UniqueIdentifier>
    </Filter>
    <Filter Include="资源文件\Voxel\Visualization">
      <UniqueIdentifier>{6292a680-b4f8-49a8-b3f6-8d6565b1ebbd}</UniqueIdentifier>
    </Filter>
    <Filter Include="资源文件\Data\SoftShader">
      <UniqueIdentifier>{c3bb2654-ee95-4f20-9036-bbaca433a2bf}</UniqueIdentifier>
    </Filter>
    <Filter Include="资源文件\Data\Pass\Voxel">
      <UniqueIdentifier>{96959408-1878-423b-9557-ede1bc897f2a}</UniqueIdentifier>
    </Filter>
    <Filter Include="资源文件\Data\Pass\CommonPass">
      <UniqueIdentifier>{70d150c5-800b-47d2-9635-417ca1a53652}</UniqueIdentifier>
    </Filter>
    <Filter Include="资源文件\Data\Pass\StandardPass">
      <UniqueIdentifier>{b53da9aa-248f-48e6-9d64-2080ee11d814}</UniqueIdentifier>
    </Filter>
  </ItemGroup>
  <ItemGroup>
    <ClInclude Include="Geometry.h">
      <Filter>Headers</Filter>
    </ClInclude>
    <ClInclude Include="ControlPoint.h">
      <Filter>Headers</Filter>
    </ClInclude>
    <ClInclude Include="Sample.h">
      <Filter>Headers</Filter>
    </ClInclude>
    <ClInclude Include="Data\VoxelPass\FlagOctreePass.h">
      <Filter>资源文件\Data\Pass\Voxel</Filter>
    </ClInclude>
    <ClInclude Include="Data\VoxelPass\VisualizationPass.h">
      <Filter>资源文件\Data\Pass\Voxel</Filter>
    </ClInclude>
    <ClInclude Include="Data\VoxelPass\VoxelDefine.h">
      <Filter>资源文件\Data\Pass\Voxel</Filter>
    </ClInclude>
    <ClInclude Include="Data\VoxelPass\VoxelizationPass.h">
      <Filter>资源文件\Data\Pass\Voxel</Filter>
    </ClInclude>
    <ClInclude Include="Data\StandardPass\LightPass.h">
      <Filter>资源文件\Data\Pass\StandardPass</Filter>
    </ClInclude>
    <ClInclude Include="Data\StandardPass\OpaquePass.h">
      <Filter>资源文件\Data\Pass\StandardPass</Filter>
    </ClInclude>
    <ClInclude Include="Data\StandardPass\TransparentPass.h">
      <Filter>资源文件\Data\Pass\StandardPass</Filter>
    </ClInclude>
    <ClInclude Include="Data\CommonPass\AbstractPass.h">
      <Filter>资源文件\Data\Pass\CommonPass</Filter>
    </ClInclude>
    <ClInclude Include="Data\CommonPass\BasePass.h">
      <Filter>资源文件\Data\Pass\CommonPass</Filter>
    </ClInclude>
    <ClInclude Include="Data\CommonPass\BeginQueryPass.h">
      <Filter>资源文件\Data\Pass\CommonPass</Filter>
    </ClInclude>
    <ClInclude Include="Data\CommonPass\ClearRenderTargetPass.h">
      <Filter>资源文件\Data\Pass\CommonPass</Filter>
    </ClInclude>
    <ClInclude Include="Data\CommonPass\EndQueryPass.h">
      <Filter>资源文件\Data\Pass\CommonPass</Filter>
    </ClInclude>
    <ClInclude Include="ShaderEffect\ClearEffect.h">
      <Filter>资源文件\Data\Dx11ShaderEffect</Filter>
    </ClInclude>
    <ClInclude Include="ShaderEffect\DefaultEffect.h">
      <Filter>资源文件\Data\Dx11ShaderEffect</Filter>
    </ClInclude>
    <ClInclude Include="ShaderEffect\LightEffect.h">
      <Filter>资源文件\Data\Dx11ShaderEffect</Filter>
    </ClInclude>
    <ClInclude Include="ShaderEffect\VoxelEffect.h">
      <Filter>资源文件\Data\Dx11ShaderEffect</Filter>
    </ClInclude>
    <ClInclude Include="Data\StandardPass\ShadowPass.h">
      <Filter>资源文件\Data\Pass\StandardPass</Filter>
    </ClInclude>
  </ItemGroup>
  <ItemGroup>
    <FxCompile Include="..\Assets\shaders\CommonInclude.hlsl">
      <Filter>资源文件\Common</Filter>
    </FxCompile>
    <FxCompile Include="..\Assets\shaders\ForwardRendering.hlsl">
      <Filter>资源文件\Forward</Filter>
    </FxCompile>
    <FxCompile Include="..\Assets\shaders\DeferredRendering.hlsl">
      <Filter>资源文件\DeferredRendering</Filter>
    </FxCompile>
    <FxCompile Include="..\Assets\shaders\ForwardPlusRendering.hlsl">
      <Filter>资源文件\ForwardPlus</Filter>
    </FxCompile>
    <FxCompile Include="..\Assets\shaders\OctTree\AllocOrtree.hlsl">
      <Filter>资源文件\Voxel\OctTree</Filter>
    </FxCompile>
    <FxCompile Include="..\Assets\shaders\OctTree\FlagOctree.hlsl">
      <Filter>资源文件\Voxel\OctTree</Filter>
    </FxCompile>
    <FxCompile Include="..\Assets\shaders\OctTree\MipmapOctree.hlsl">
      <Filter>资源文件\Voxel\OctTree</Filter>
    </FxCompile>
    <FxCompile Include="..\Assets\shaders\OctTree\WriteLeafOctree.hlsl">
      <Filter>资源文件\Voxel\OctTree</Filter>
    </FxCompile>
    <FxCompile Include="..\Assets\shaders\Visualization\VisualSVOCS.hlsl">
      <Filter>资源文件\Voxel\Visualization</Filter>
    </FxCompile>
    <FxCompile Include="..\Assets\shaders\Visualization\VisualSVOPS.hlsl">
      <Filter>资源文件\Voxel\Visualization</Filter>
    </FxCompile>
    <FxCompile Include="..\Assets\shaders\Visualization\VisualSVOVS.hlsl">
      <Filter>资源文件\Voxel\Visualization</Filter>
    </FxCompile>
    <FxCompile Include="..\Assets\shaders\Voxelization\VoxelizationGS.hlsl">
      <Filter>资源文件\Voxel\Voxelization</Filter>
    </FxCompile>
    <FxCompile Include="..\Assets\shaders\Voxelization\VoxelizationPS.hlsl">
      <Filter>资源文件\Voxel\Voxelization</Filter>
    </FxCompile>
    <FxCompile Include="..\Assets\shaders\Voxelization\VoxelizationVS.hlsl">
      <Filter>资源文件\Voxel\Voxelization</Filter>
    </FxCompile>
    <FxCompile Include="..\Assets\shaders\DefaultShader.hlsl">
      <Filter>资源文件\Forward</Filter>
    </FxCompile>
    <FxCompile Include="..\Assets\shaders\OIT\oit.hlsl">
      <Filter>资源文件\Forward</Filter>
    </FxCompile>
  </ItemGroup>
  <ItemGroup>
    <ClCompile Include="Sample.cpp">
      <Filter>源文件</Filter>
    </ClCompile>
    <ClCompile Include="Data\VoxelPass\FlagOctreePass.cpp">
      <Filter>资源文件\Data\Pass\Voxel</Filter>
    </ClCompile>
    <ClCompile Include="Data\VoxelPass\VisualizationPass.cpp">
      <Filter>资源文件\Data\Pass\Voxel</Filter>
    </ClCompile>
    <ClCompile Include="Data\VoxelPass\VoxelizationPass.cpp">
      <Filter>资源文件\Data\Pass\Voxel</Filter>
    </ClCompile>
    <ClCompile Include="Data\StandardPass\LightPass.cpp">
      <Filter>资源文件\Data\Pass\StandardPass</Filter>
    </ClCompile>
    <ClCompile Include="Data\StandardPass\OpaquePass.cpp">
      <Filter>资源文件\Data\Pass\StandardPass</Filter>
    </ClCompile>
    <ClCompile Include="Data\StandardPass\TransparentPass.cpp">
      <Filter>资源文件\Data\Pass\StandardPass</Filter>
    </ClCompile>
    <ClCompile Include="Data\CommonPass\AbstractPass.cpp">
      <Filter>资源文件\Data\Pass\CommonPass</Filter>
    </ClCompile>
    <ClCompile Include="Data\CommonPass\BasePass.cpp">
      <Filter>资源文件\Data\Pass\CommonPass</Filter>
    </ClCompile>
    <ClCompile Include="Data\CommonPass\BeginQueryPass.cpp">
      <Filter>资源文件\Data\Pass\CommonPass</Filter>
    </ClCompile>
    <ClCompile Include="Data\CommonPass\ClearRenderTargetPass.cpp">
      <Filter>资源文件\Data\Pass\CommonPass</Filter>
    </ClCompile>
    <ClCompile Include="Data\CommonPass\EndQueryPass.cpp">
      <Filter>资源文件\Data\Pass\CommonPass</Filter>
    </ClCompile>
    <ClCompile Include="ShaderEffect\ClearEffect.cpp">
      <Filter>资源文件\Data\Dx11ShaderEffect</Filter>
    </ClCompile>
    <ClCompile Include="ShaderEffect\DefaultEffect.cpp">
      <Filter>资源文件\Data\Dx11ShaderEffect</Filter>
    </ClCompile>
    <ClCompile Include="ShaderEffect\LightEffect.cpp">
      <Filter>资源文件\Data\Dx11ShaderEffect</Filter>
    </ClCompile>
    <ClCompile Include="ShaderEffect\VoxelEffect.cpp">
      <Filter>资源文件\Data\Dx11ShaderEffect</Filter>
    </ClCompile>
    <ClCompile Include="Data\StandardPass\ShadowPass.cpp">
      <Filter>资源文件\Data\Pass\StandardPass</Filter>
    </ClCompile>
  </ItemGroup>
</Project>