<?xml version="1.0" encoding="utf-8"?>
<Project ToolsVersion="4.0" xmlns="http://schemas.microsoft.com/developer/msbuild/2003">
  <ItemGroup>
    <Filter Include="Base">
      <UniqueIdentifier>{60a6706d-e7b2-4c9d-a91d-29b1bc0dbcc8}</UniqueIdentifier>
    </Filter>
    <Filter Include="_PrecompiledHeaders">
      <UniqueIdentifier>{df231a16-1ff9-463b-ace9-42d8ca2000bb}</UniqueIdentifier>
    </Filter>
    <Filter Include="Algebra">
      <UniqueIdentifier>{ca18a24a-bc54-46e9-83c9-03eb4c3b6b32}</UniqueIdentifier>
    </Filter>
  </ItemGroup>
  <ItemGroup>
    <ClInclude Include="Mathematics.h" />
    <ClInclude Include="MathematicsLIB.h" />
    <ClInclude Include="MathematicsPCH.h">
      <Filter>_PrecompiledHeaders</Filter>
    </ClInclude>
    <ClInclude Include="Base\Float1.h">
      <Filter>Base</Filter>
    </ClInclude>
    <ClInclude Include="Base\Float2.h">
      <Filter>Base</Filter>
    </ClInclude>
    <ClInclude Include="Base\Float3.h">
      <Filter>Base</Filter>
    </ClInclude>
    <ClInclude Include="Base\Float4.h">
      <Filter>Base</Filter>
    </ClInclude>
    <ClInclude Include="Algebra\APoint.h">
      <Filter>Algebra</Filter>
    </ClInclude>
    <ClInclude Include="Algebra\HMath.h">
      <Filter>Algebra</Filter>
    </ClInclude>
    <ClInclude Include="Algebra\HMatrix.h">
      <Filter>Algebra</Filter>
    </ClInclude>
    <ClInclude Include="Algebra\HPoint.h">
      <Filter>Algebra</Filter>
    </ClInclude>
    <ClInclude Include="Algebra\Matrix3.h">
      <Filter>Algebra</Filter>
    </ClInclude>
    <ClInclude Include="Algebra\Matrix4.h">
      <Filter>Algebra</Filter>
    </ClInclude>
    <ClInclude Include="Algebra\Quaternion.h">
      <Filter>Algebra</Filter>
    </ClInclude>
    <ClInclude Include="Algebra\Vector2.h">
      <Filter>Algebra</Filter>
    </ClInclude>
    <ClInclude Include="Algebra\Vector3.h">
      <Filter>Algebra</Filter>
    </ClInclude>
    <ClInclude Include="Algebra\Vector4.h">
      <Filter>Algebra</Filter>
    </ClInclude>
  </ItemGroup>
  <ItemGroup>
    <ClCompile Include="MathematicsPCH.cpp">
      <Filter>_PrecompiledHeaders</Filter>
    </ClCompile>
    <ClCompile Include="Algebra\HMath.cpp">
      <Filter>Algebra</Filter>
    </ClCompile>
    <ClCompile Include="Algebra\HPoint.cpp">
      <Filter>Algebra</Filter>
    </ClCompile>
  </ItemGroup>
  <ItemGroup>
    <None Include="Base\Float4.inl">
      <Filter>Base</Filter>
    </None>
    <None Include="Algebra\HPoint.inl">
      <Filter>Algebra</Filter>
    </None>
  </ItemGroup>
</Project>