<?xml version="1.0" encoding="utf-8"?>
<Project ToolsVersion="14.0" xmlns="http://schemas.microsoft.com/developer/msbuild/2003">
  <ItemGroup>
    <Filter Include="_PrecompiledHeaders">
      <UniqueIdentifier>{b39c7608-ff49-4277-8ce5-57fbf1de6059}</UniqueIdentifier>
    </Filter>
    <Filter Include="Algebra">
      <UniqueIdentifier>{2ec911ad-d827-4c20-801e-231c1ebba549}</UniqueIdentifier>
    </Filter>
    <Filter Include="Base">
      <UniqueIdentifier>{67DA6AB6-F800-4c08-8B7A-83BB121AAD01}</UniqueIdentifier>
      <Extensions>rc;ico;cur;bmp;dlg;rc2;rct;bin;rgs;gif;jpg;jpeg;jpe;resx;tga;tiff;tif;png;wav;mfcribbon-ms</Extensions>
    </Filter>
    <Filter Include="Approximation">
      <UniqueIdentifier>{47100ab3-42e4-45c1-8dbe-9f15e3becb17}</UniqueIdentifier>
    </Filter>
    <Filter Include="ComputationalGeometry">
      <UniqueIdentifier>{ff75da99-c50a-45ef-8b31-8dfaf0c3ffba}</UniqueIdentifier>
    </Filter>
    <Filter Include="Containment">
      <UniqueIdentifier>{7796b5c1-992c-451f-b301-ff92be8c4526}</UniqueIdentifier>
    </Filter>
    <Filter Include="CurvesSurfaceVolums">
      <UniqueIdentifier>{5d2181e3-b9be-4433-9a48-ea8958aa7740}</UniqueIdentifier>
    </Filter>
    <Filter Include="Distance">
      <UniqueIdentifier>{fa9b718c-791f-4bed-9897-c6de8523c82a}</UniqueIdentifier>
    </Filter>
    <Filter Include="Interpolation">
      <UniqueIdentifier>{259c0dae-57ae-4c28-905a-22e3e0153ef8}</UniqueIdentifier>
    </Filter>
    <Filter Include="Intersection">
      <UniqueIdentifier>{45e08394-7a9f-456d-8980-3794331f2385}</UniqueIdentifier>
    </Filter>
    <Filter Include="Meshes">
      <UniqueIdentifier>{d00fd685-0187-438e-acf3-0e8b689ca3aa}</UniqueIdentifier>
    </Filter>
    <Filter Include="NumericalAnalysis">
      <UniqueIdentifier>{aaecb9a8-341e-4327-b475-1b52c532290f}</UniqueIdentifier>
    </Filter>
    <Filter Include="Object2D">
      <UniqueIdentifier>{5602e672-5827-4957-90d1-cd368ef9a365}</UniqueIdentifier>
    </Filter>
    <Filter Include="Object3D">
      <UniqueIdentifier>{8b17dff4-3252-4412-85a8-6d45b1c03174}</UniqueIdentifier>
    </Filter>
    <Filter Include="Query">
      <UniqueIdentifier>{8f7b8499-2651-4439-b5c4-9f2b741fcc18}</UniqueIdentifier>
    </Filter>
    <Filter Include="Rational">
      <UniqueIdentifier>{3d8e36b3-c8e8-4420-b220-ed2c627b33bc}</UniqueIdentifier>
    </Filter>
    <Filter Include="Miscellaneous">
      <UniqueIdentifier>{777d4103-44d6-4b83-b7d7-6c1dbbac28cf}</UniqueIdentifier>
    </Filter>
  </ItemGroup>
  <ItemGroup>
    <ClCompile Include="Mathematics.cpp" />
    <ClCompile Include="MathematicsPCH.cpp">
      <Filter>_PrecompiledHeaders</Filter>
    </ClCompile>
    <ClCompile Include="HMath.cpp">
      <Filter>Base</Filter>
    </ClCompile>
    <ClCompile Include="HPoint.cpp">
      <Filter>Algebra</Filter>
    </ClCompile>
  </ItemGroup>
  <ItemGroup>
    <ClInclude Include="Mathematics.h" />
    <ClInclude Include="targetver.h" />
    <ClInclude Include="MathematicsPCH.h">
      <Filter>_PrecompiledHeaders</Filter>
    </ClInclude>
    <ClInclude Include="Float1.h">
      <Filter>Base</Filter>
    </ClInclude>
    <ClInclude Include="Float2.h">
      <Filter>Base</Filter>
    </ClInclude>
    <ClInclude Include="Float3.h">
      <Filter>Base</Filter>
    </ClInclude>
    <ClInclude Include="Float4.h">
      <Filter>Base</Filter>
    </ClInclude>
    <ClInclude Include="MathematicsLIB.h" />
    <ClInclude Include="HMath.h">
      <Filter>Base</Filter>
    </ClInclude>
    <ClInclude Include="HPoint.h">
      <Filter>Algebra</Filter>
    </ClInclude>
  </ItemGroup>
  <ItemGroup>
    <None Include="HPoint.inl">
      <Filter>Algebra</Filter>
    </None>
  </ItemGroup>
</Project>