
Microsoft Visual Studio Solution File, Format Version 12.00
# Visual Studio 14
VisualStudioVersion = 14.0.25420.1
MinimumVisualStudioVersion = 10.0.40219.1
Project("{8BC9CEB8-8B4A-11D0-8D11-00A0C91BC942}") = "3DSoftRender", "3DSoftRender\3DSoftRender.vcxproj", "{A99C0649-C5EB-4A75-ADF4-44DD8E088F20}"
	ProjectSection(ProjectDependencies) = postProject
		{46CC090B-9B4A-4167-8A26-68C79296B279} = {46CC090B-9B4A-4167-8A26-68C79296B279}
		{1EFD844E-9062-446A-B9D2-17377E4655CC} = {1EFD844E-9062-446A-B9D2-17377E4655CC}
		{794CD469-8726-4B6F-93AA-CF2C4BB171C5} = {794CD469-8726-4B6F-93AA-CF2C4BB171C5}
		{9664FA6C-32FE-4812-ADDD-F6FC26EF65F1} = {9664FA6C-32FE-4812-ADDD-F6FC26EF65F1}
		{D1653AA2-01B6-4CB7-A528-048931CB4CC7} = {D1653AA2-01B6-4CB7-A528-048931CB4CC7}
		{DF52E6E9-63B7-4E79-9DFF-D7FD85B64CC7} = {DF52E6E9-63B7-4E79-9DFF-D7FD85B64CC7}
	EndProjectSection
EndProject
Project("{2150E333-8FDC-42A3-9474-1A3956D46DE8}") = "Libraries", "Libraries", "{FD19E3CA-32EE-4E1C-AF35-D442B9ADF907}"
EndProject
Project("{8BC9CEB8-8B4A-11D0-8D11-00A0C91BC942}") = "LibCore", "LibCore\libCore.vcxproj", "{46CC090B-9B4A-4167-8A26-68C79296B279}"
EndProject
Project("{2150E333-8FDC-42A3-9474-1A3956D46DE8}") = "Samples", "Samples", "{2435B5C8-4D63-49CB-AF4C-AB5BAFB76B4F}"
EndProject
Project("{8BC9CEB8-8B4A-11D0-8D11-00A0C91BC942}") = "LibApplication", "LibApplication\LibApplication.vcxproj", "{9664FA6C-32FE-4812-ADDD-F6FC26EF65F1}"
EndProject
Project("{8BC9CEB8-8B4A-11D0-8D11-00A0C91BC942}") = "LibGraphics", "LibGraphics\Graphics.vcxproj", "{D1653AA2-01B6-4CB7-A528-048931CB4CC7}"
EndProject
Project("{8BC9CEB8-8B4A-11D0-8D11-00A0C91BC942}") = "LibMathematics", "LibMathematics\Mathematics.vcxproj", "{794CD469-8726-4B6F-93AA-CF2C4BB171C5}"
EndProject
Project("{8BC9CEB8-8B4A-11D0-8D11-00A0C91BC942}") = "LibPhysics", "LibPhysics\Physics.vcxproj", "{1EFD844E-9062-446A-B9D2-17377E4655CC}"
EndProject
Project("{8BC9CEB8-8B4A-11D0-8D11-00A0C91BC942}") = "LibImagics", "LibImagics\Imagics.vcxproj", "{DF52E6E9-63B7-4E79-9DFF-D7FD85B64CC7}"
EndProject
Global
	GlobalSection(SolutionConfigurationPlatforms) = preSolution
		Debug_DX|ARM = Debug_DX|ARM
		Debug_DX|Win32 = Debug_DX|Win32
		Debug_DX|x64 = Debug_DX|x64
		Debug_OpenGL|ARM = Debug_OpenGL|ARM
		Debug_OpenGL|Win32 = Debug_OpenGL|Win32
		Debug_OpenGL|x64 = Debug_OpenGL|x64
		Debug_SoftWare|ARM = Debug_SoftWare|ARM
		Debug_SoftWare|Win32 = Debug_SoftWare|Win32
		Debug_SoftWare|x64 = Debug_SoftWare|x64
		Debug|ARM = Debug|ARM
		Debug|Win32 = Debug|Win32
		Debug|x64 = Debug|x64
		Release|ARM = Release|ARM
		Release|Win32 = Release|Win32
		Release|x64 = Release|x64
	EndGlobalSection
	GlobalSection(ProjectConfigurationPlatforms) = postSolution
		{A99C0649-C5EB-4A75-ADF4-44DD8E088F20}.Debug_DX|ARM.ActiveCfg = Debug_DX|Win32
		{A99C0649-C5EB-4A75-ADF4-44DD8E088F20}.Debug_DX|Win32.ActiveCfg = Debug_DX|Win32
		{A99C0649-C5EB-4A75-ADF4-44DD8E088F20}.Debug_DX|Win32.Build.0 = Debug_DX|Win32
		{A99C0649-C5EB-4A75-ADF4-44DD8E088F20}.Debug_DX|x64.ActiveCfg = Debug_DX|Win32
		{A99C0649-C5EB-4A75-ADF4-44DD8E088F20}.Debug_OpenGL|ARM.ActiveCfg = Debug_OpenGL|Win32
		{A99C0649-C5EB-4A75-ADF4-44DD8E088F20}.Debug_OpenGL|Win32.ActiveCfg = Debug_OpenGL|Win32
		{A99C0649-C5EB-4A75-ADF4-44DD8E088F20}.Debug_OpenGL|Win32.Build.0 = Debug_OpenGL|Win32
		{A99C0649-C5EB-4A75-ADF4-44DD8E088F20}.Debug_OpenGL|x64.ActiveCfg = Debug_OpenGL|Win32
		{A99C0649-C5EB-4A75-ADF4-44DD8E088F20}.Debug_SoftWare|ARM.ActiveCfg = Debug_SoftWare|Win32
		{A99C0649-C5EB-4A75-ADF4-44DD8E088F20}.Debug_SoftWare|Win32.ActiveCfg = Debug_SoftWare|Win32
		{A99C0649-C5EB-4A75-ADF4-44DD8E088F20}.Debug_SoftWare|Win32.Build.0 = Debug_SoftWare|Win32
		{A99C0649-C5EB-4A75-ADF4-44DD8E088F20}.Debug_SoftWare|x64.ActiveCfg = Debug_SoftWare|Win32
		{A99C0649-C5EB-4A75-ADF4-44DD8E088F20}.Debug|ARM.ActiveCfg = Debug|Win32
		{A99C0649-C5EB-4A75-ADF4-44DD8E088F20}.Debug|Win32.ActiveCfg = Debug|Win32
		{A99C0649-C5EB-4A75-ADF4-44DD8E088F20}.Debug|Win32.Build.0 = Debug|Win32
		{A99C0649-C5EB-4A75-ADF4-44DD8E088F20}.Debug|x64.ActiveCfg = Debug|Win32
		{A99C0649-C5EB-4A75-ADF4-44DD8E088F20}.Release|ARM.ActiveCfg = Release|Win32
		{A99C0649-C5EB-4A75-ADF4-44DD8E088F20}.Release|Win32.ActiveCfg = Release|Win32
		{A99C0649-C5EB-4A75-ADF4-44DD8E088F20}.Release|Win32.Build.0 = Release|Win32
		{A99C0649-C5EB-4A75-ADF4-44DD8E088F20}.Release|x64.ActiveCfg = Release|Win32
		{46CC090B-9B4A-4167-8A26-68C79296B279}.Debug_DX|ARM.ActiveCfg = Debug|Win32
		{46CC090B-9B4A-4167-8A26-68C79296B279}.Debug_DX|Win32.ActiveCfg = Debug|Win32
		{46CC090B-9B4A-4167-8A26-68C79296B279}.Debug_DX|Win32.Build.0 = Debug|Win32
		{46CC090B-9B4A-4167-8A26-68C79296B279}.Debug_DX|x64.ActiveCfg = Debug|Win32
		{46CC090B-9B4A-4167-8A26-68C79296B279}.Debug_OpenGL|ARM.ActiveCfg = Debug|Win32
		{46CC090B-9B4A-4167-8A26-68C79296B279}.Debug_OpenGL|Win32.ActiveCfg = Debug|Win32
		{46CC090B-9B4A-4167-8A26-68C79296B279}.Debug_OpenGL|Win32.Build.0 = Debug|Win32
		{46CC090B-9B4A-4167-8A26-68C79296B279}.Debug_OpenGL|x64.ActiveCfg = Debug|Win32
		{46CC090B-9B4A-4167-8A26-68C79296B279}.Debug_SoftWare|ARM.ActiveCfg = Debug|Win32
		{46CC090B-9B4A-4167-8A26-68C79296B279}.Debug_SoftWare|Win32.ActiveCfg = Debug|Win32
		{46CC090B-9B4A-4167-8A26-68C79296B279}.Debug_SoftWare|Win32.Build.0 = Debug|Win32
		{46CC090B-9B4A-4167-8A26-68C79296B279}.Debug_SoftWare|x64.ActiveCfg = Debug|Win32
		{46CC090B-9B4A-4167-8A26-68C79296B279}.Debug|ARM.ActiveCfg = Debug|Win32
		{46CC090B-9B4A-4167-8A26-68C79296B279}.Debug|Win32.ActiveCfg = Debug|Win32
		{46CC090B-9B4A-4167-8A26-68C79296B279}.Debug|Win32.Build.0 = Debug|Win32
		{46CC090B-9B4A-4167-8A26-68C79296B279}.Debug|x64.ActiveCfg = Debug|Win32
		{46CC090B-9B4A-4167-8A26-68C79296B279}.Release|ARM.ActiveCfg = Release|Win32
		{46CC090B-9B4A-4167-8A26-68C79296B279}.Release|Win32.ActiveCfg = Release|Win32
		{46CC090B-9B4A-4167-8A26-68C79296B279}.Release|Win32.Build.0 = Release|Win32
		{46CC090B-9B4A-4167-8A26-68C79296B279}.Release|x64.ActiveCfg = Release|Win32
		{9664FA6C-32FE-4812-ADDD-F6FC26EF65F1}.Debug_DX|ARM.ActiveCfg = Debug|ARM
		{9664FA6C-32FE-4812-ADDD-F6FC26EF65F1}.Debug_DX|ARM.Build.0 = Debug|ARM
		{9664FA6C-32FE-4812-ADDD-F6FC26EF65F1}.Debug_DX|Win32.ActiveCfg = Debug|Win32
		{9664FA6C-32FE-4812-ADDD-F6FC26EF65F1}.Debug_DX|Win32.Build.0 = Debug|Win32
		{9664FA6C-32FE-4812-ADDD-F6FC26EF65F1}.Debug_DX|x64.ActiveCfg = Debug|x64
		{9664FA6C-32FE-4812-ADDD-F6FC26EF65F1}.Debug_DX|x64.Build.0 = Debug|x64
		{9664FA6C-32FE-4812-ADDD-F6FC26EF65F1}.Debug_OpenGL|ARM.ActiveCfg = Debug|ARM
		{9664FA6C-32FE-4812-ADDD-F6FC26EF65F1}.Debug_OpenGL|ARM.Build.0 = Debug|ARM
		{9664FA6C-32FE-4812-ADDD-F6FC26EF65F1}.Debug_OpenGL|Win32.ActiveCfg = Debug|Win32
		{9664FA6C-32FE-4812-ADDD-F6FC26EF65F1}.Debug_OpenGL|Win32.Build.0 = Debug|Win32
		{9664FA6C-32FE-4812-ADDD-F6FC26EF65F1}.Debug_OpenGL|x64.ActiveCfg = Debug|x64
		{9664FA6C-32FE-4812-ADDD-F6FC26EF65F1}.Debug_OpenGL|x64.Build.0 = Debug|x64
		{9664FA6C-32FE-4812-ADDD-F6FC26EF65F1}.Debug_SoftWare|ARM.ActiveCfg = Debug|ARM
		{9664FA6C-32FE-4812-ADDD-F6FC26EF65F1}.Debug_SoftWare|ARM.Build.0 = Debug|ARM
		{9664FA6C-32FE-4812-ADDD-F6FC26EF65F1}.Debug_SoftWare|Win32.ActiveCfg = Debug|Win32
		{9664FA6C-32FE-4812-ADDD-F6FC26EF65F1}.Debug_SoftWare|Win32.Build.0 = Debug|Win32
		{9664FA6C-32FE-4812-ADDD-F6FC26EF65F1}.Debug_SoftWare|x64.ActiveCfg = Debug|x64
		{9664FA6C-32FE-4812-ADDD-F6FC26EF65F1}.Debug_SoftWare|x64.Build.0 = Debug|x64
		{9664FA6C-32FE-4812-ADDD-F6FC26EF65F1}.Debug|ARM.ActiveCfg = Debug|ARM
		{9664FA6C-32FE-4812-ADDD-F6FC26EF65F1}.Debug|ARM.Build.0 = Debug|ARM
		{9664FA6C-32FE-4812-ADDD-F6FC26EF65F1}.Debug|Win32.ActiveCfg = Debug|Win32
		{9664FA6C-32FE-4812-ADDD-F6FC26EF65F1}.Debug|Win32.Build.0 = Debug|Win32
		{9664FA6C-32FE-4812-ADDD-F6FC26EF65F1}.Debug|x64.ActiveCfg = Debug|x64
		{9664FA6C-32FE-4812-ADDD-F6FC26EF65F1}.Debug|x64.Build.0 = Debug|x64
		{9664FA6C-32FE-4812-ADDD-F6FC26EF65F1}.Release|ARM.ActiveCfg = Release|ARM
		{9664FA6C-32FE-4812-ADDD-F6FC26EF65F1}.Release|ARM.Build.0 = Release|ARM
		{9664FA6C-32FE-4812-ADDD-F6FC26EF65F1}.Release|Win32.ActiveCfg = Release|Win32
		{9664FA6C-32FE-4812-ADDD-F6FC26EF65F1}.Release|Win32.Build.0 = Release|Win32
		{9664FA6C-32FE-4812-ADDD-F6FC26EF65F1}.Release|x64.ActiveCfg = Release|x64
		{9664FA6C-32FE-4812-ADDD-F6FC26EF65F1}.Release|x64.Build.0 = Release|x64
		{D1653AA2-01B6-4CB7-A528-048931CB4CC7}.Debug_DX|ARM.ActiveCfg = Debug|ARM
		{D1653AA2-01B6-4CB7-A528-048931CB4CC7}.Debug_DX|ARM.Build.0 = Debug|ARM
		{D1653AA2-01B6-4CB7-A528-048931CB4CC7}.Debug_DX|Win32.ActiveCfg = Debug|Win32
		{D1653AA2-01B6-4CB7-A528-048931CB4CC7}.Debug_DX|Win32.Build.0 = Debug|Win32
		{D1653AA2-01B6-4CB7-A528-048931CB4CC7}.Debug_DX|x64.ActiveCfg = Debug|x64
		{D1653AA2-01B6-4CB7-A528-048931CB4CC7}.Debug_DX|x64.Build.0 = Debug|x64
		{D1653AA2-01B6-4CB7-A528-048931CB4CC7}.Debug_OpenGL|ARM.ActiveCfg = Debug|ARM
		{D1653AA2-01B6-4CB7-A528-048931CB4CC7}.Debug_OpenGL|ARM.Build.0 = Debug|ARM
		{D1653AA2-01B6-4CB7-A528-048931CB4CC7}.Debug_OpenGL|Win32.ActiveCfg = Debug|Win32
		{D1653AA2-01B6-4CB7-A528-048931CB4CC7}.Debug_OpenGL|Win32.Build.0 = Debug|Win32
		{D1653AA2-01B6-4CB7-A528-048931CB4CC7}.Debug_OpenGL|x64.ActiveCfg = Debug|x64
		{D1653AA2-01B6-4CB7-A528-048931CB4CC7}.Debug_OpenGL|x64.Build.0 = Debug|x64
		{D1653AA2-01B6-4CB7-A528-048931CB4CC7}.Debug_SoftWare|ARM.ActiveCfg = Debug|ARM
		{D1653AA2-01B6-4CB7-A528-048931CB4CC7}.Debug_SoftWare|ARM.Build.0 = Debug|ARM
		{D1653AA2-01B6-4CB7-A528-048931CB4CC7}.Debug_SoftWare|Win32.ActiveCfg = Debug|Win32
		{D1653AA2-01B6-4CB7-A528-048931CB4CC7}.Debug_SoftWare|Win32.Build.0 = Debug|Win32
		{D1653AA2-01B6-4CB7-A528-048931CB4CC7}.Debug_SoftWare|x64.ActiveCfg = Debug|x64
		{D1653AA2-01B6-4CB7-A528-048931CB4CC7}.Debug_SoftWare|x64.Build.0 = Debug|x64
		{D1653AA2-01B6-4CB7-A528-048931CB4CC7}.Debug|ARM.ActiveCfg = Debug|ARM
		{D1653AA2-01B6-4CB7-A528-048931CB4CC7}.Debug|ARM.Build.0 = Debug|ARM
		{D1653AA2-01B6-4CB7-A528-048931CB4CC7}.Debug|Win32.ActiveCfg = Debug|Win32
		{D1653AA2-01B6-4CB7-A528-048931CB4CC7}.Debug|Win32.Build.0 = Debug|Win32
		{D1653AA2-01B6-4CB7-A528-048931CB4CC7}.Debug|x64.ActiveCfg = Debug|x64
		{D1653AA2-01B6-4CB7-A528-048931CB4CC7}.Debug|x64.Build.0 = Debug|x64
		{D1653AA2-01B6-4CB7-A528-048931CB4CC7}.Release|ARM.ActiveCfg = Release|ARM
		{D1653AA2-01B6-4CB7-A528-048931CB4CC7}.Release|ARM.Build.0 = Release|ARM
		{D1653AA2-01B6-4CB7-A528-048931CB4CC7}.Release|Win32.ActiveCfg = Release|Win32
		{D1653AA2-01B6-4CB7-A528-048931CB4CC7}.Release|Win32.Build.0 = Release|Win32
		{D1653AA2-01B6-4CB7-A528-048931CB4CC7}.Release|x64.ActiveCfg = Release|x64
		{D1653AA2-01B6-4CB7-A528-048931CB4CC7}.Release|x64.Build.0 = Release|x64
		{794CD469-8726-4B6F-93AA-CF2C4BB171C5}.Debug_DX|ARM.ActiveCfg = Debug|ARM
		{794CD469-8726-4B6F-93AA-CF2C4BB171C5}.Debug_DX|ARM.Build.0 = Debug|ARM
		{794CD469-8726-4B6F-93AA-CF2C4BB171C5}.Debug_DX|Win32.ActiveCfg = Debug|Win32
		{794CD469-8726-4B6F-93AA-CF2C4BB171C5}.Debug_DX|Win32.Build.0 = Debug|Win32
		{794CD469-8726-4B6F-93AA-CF2C4BB171C5}.Debug_DX|x64.ActiveCfg = Debug|x64
		{794CD469-8726-4B6F-93AA-CF2C4BB171C5}.Debug_DX|x64.Build.0 = Debug|x64
		{794CD469-8726-4B6F-93AA-CF2C4BB171C5}.Debug_OpenGL|ARM.ActiveCfg = Debug|ARM
		{794CD469-8726-4B6F-93AA-CF2C4BB171C5}.Debug_OpenGL|ARM.Build.0 = Debug|ARM
		{794CD469-8726-4B6F-93AA-CF2C4BB171C5}.Debug_OpenGL|Win32.ActiveCfg = Debug|Win32
		{794CD469-8726-4B6F-93AA-CF2C4BB171C5}.Debug_OpenGL|Win32.Build.0 = Debug|Win32
		{794CD469-8726-4B6F-93AA-CF2C4BB171C5}.Debug_OpenGL|x64.ActiveCfg = Debug|x64
		{794CD469-8726-4B6F-93AA-CF2C4BB171C5}.Debug_OpenGL|x64.Build.0 = Debug|x64
		{794CD469-8726-4B6F-93AA-CF2C4BB171C5}.Debug_SoftWare|ARM.ActiveCfg = Debug|ARM
		{794CD469-8726-4B6F-93AA-CF2C4BB171C5}.Debug_SoftWare|ARM.Build.0 = Debug|ARM
		{794CD469-8726-4B6F-93AA-CF2C4BB171C5}.Debug_SoftWare|Win32.ActiveCfg = Debug|Win32
		{794CD469-8726-4B6F-93AA-CF2C4BB171C5}.Debug_SoftWare|Win32.Build.0 = Debug|Win32
		{794CD469-8726-4B6F-93AA-CF2C4BB171C5}.Debug_SoftWare|x64.ActiveCfg = Debug|x64
		{794CD469-8726-4B6F-93AA-CF2C4BB171C5}.Debug_SoftWare|x64.Build.0 = Debug|x64
		{794CD469-8726-4B6F-93AA-CF2C4BB171C5}.Debug|ARM.ActiveCfg = Debug|ARM
		{794CD469-8726-4B6F-93AA-CF2C4BB171C5}.Debug|ARM.Build.0 = Debug|ARM
		{794CD469-8726-4B6F-93AA-CF2C4BB171C5}.Debug|Win32.ActiveCfg = Debug|Win32
		{794CD469-8726-4B6F-93AA-CF2C4BB171C5}.Debug|Win32.Build.0 = Debug|Win32
		{794CD469-8726-4B6F-93AA-CF2C4BB171C5}.Debug|x64.ActiveCfg = Debug|x64
		{794CD469-8726-4B6F-93AA-CF2C4BB171C5}.Debug|x64.Build.0 = Debug|x64
		{794CD469-8726-4B6F-93AA-CF2C4BB171C5}.Release|ARM.ActiveCfg = Release|ARM
		{794CD469-8726-4B6F-93AA-CF2C4BB171C5}.Release|ARM.Build.0 = Release|ARM
		{794CD469-8726-4B6F-93AA-CF2C4BB171C5}.Release|Win32.ActiveCfg = Release|Win32
		{794CD469-8726-4B6F-93AA-CF2C4BB171C5}.Release|Win32.Build.0 = Release|Win32
		{794CD469-8726-4B6F-93AA-CF2C4BB171C5}.Release|x64.ActiveCfg = Release|x64
		{794CD469-8726-4B6F-93AA-CF2C4BB171C5}.Release|x64.Build.0 = Release|x64
		{1EFD844E-9062-446A-B9D2-17377E4655CC}.Debug_DX|ARM.ActiveCfg = Debug|ARM
		{1EFD844E-9062-446A-B9D2-17377E4655CC}.Debug_DX|ARM.Build.0 = Debug|ARM
		{1EFD844E-9062-446A-B9D2-17377E4655CC}.Debug_DX|Win32.ActiveCfg = Debug|Win32
		{1EFD844E-9062-446A-B9D2-17377E4655CC}.Debug_DX|Win32.Build.0 = Debug|Win32
		{1EFD844E-9062-446A-B9D2-17377E4655CC}.Debug_DX|x64.ActiveCfg = Debug|x64
		{1EFD844E-9062-446A-B9D2-17377E4655CC}.Debug_DX|x64.Build.0 = Debug|x64
		{1EFD844E-9062-446A-B9D2-17377E4655CC}.Debug_OpenGL|ARM.ActiveCfg = Debug|ARM
		{1EFD844E-9062-446A-B9D2-17377E4655CC}.Debug_OpenGL|ARM.Build.0 = Debug|ARM
		{1EFD844E-9062-446A-B9D2-17377E4655CC}.Debug_OpenGL|Win32.ActiveCfg = Debug|Win32
		{1EFD844E-9062-446A-B9D2-17377E4655CC}.Debug_OpenGL|Win32.Build.0 = Debug|Win32
		{1EFD844E-9062-446A-B9D2-17377E4655CC}.Debug_OpenGL|x64.ActiveCfg = Debug|x64
		{1EFD844E-9062-446A-B9D2-17377E4655CC}.Debug_OpenGL|x64.Build.0 = Debug|x64
		{1EFD844E-9062-446A-B9D2-17377E4655CC}.Debug_SoftWare|ARM.ActiveCfg = Debug|ARM
		{1EFD844E-9062-446A-B9D2-17377E4655CC}.Debug_SoftWare|ARM.Build.0 = Debug|ARM
		{1EFD844E-9062-446A-B9D2-17377E4655CC}.Debug_SoftWare|Win32.ActiveCfg = Debug|Win32
		{1EFD844E-9062-446A-B9D2-17377E4655CC}.Debug_SoftWare|Win32.Build.0 = Debug|Win32
		{1EFD844E-9062-446A-B9D2-17377E4655CC}.Debug_SoftWare|x64.ActiveCfg = Debug|x64
		{1EFD844E-9062-446A-B9D2-17377E4655CC}.Debug_SoftWare|x64.Build.0 = Debug|x64
		{1EFD844E-9062-446A-B9D2-17377E4655CC}.Debug|ARM.ActiveCfg = Debug|ARM
		{1EFD844E-9062-446A-B9D2-17377E4655CC}.Debug|ARM.Build.0 = Debug|ARM
		{1EFD844E-9062-446A-B9D2-17377E4655CC}.Debug|Win32.ActiveCfg = Debug|Win32
		{1EFD844E-9062-446A-B9D2-17377E4655CC}.Debug|Win32.Build.0 = Debug|Win32
		{1EFD844E-9062-446A-B9D2-17377E4655CC}.Debug|x64.ActiveCfg = Debug|x64
		{1EFD844E-9062-446A-B9D2-17377E4655CC}.Debug|x64.Build.0 = Debug|x64
		{1EFD844E-9062-446A-B9D2-17377E4655CC}.Release|ARM.ActiveCfg = Release|ARM
		{1EFD844E-9062-446A-B9D2-17377E4655CC}.Release|ARM.Build.0 = Release|ARM
		{1EFD844E-9062-446A-B9D2-17377E4655CC}.Release|Win32.ActiveCfg = Release|Win32
		{1EFD844E-9062-446A-B9D2-17377E4655CC}.Release|Win32.Build.0 = Release|Win32
		{1EFD844E-9062-446A-B9D2-17377E4655CC}.Release|x64.ActiveCfg = Release|x64
		{1EFD844E-9062-446A-B9D2-17377E4655CC}.Release|x64.Build.0 = Release|x64
		{DF52E6E9-63B7-4E79-9DFF-D7FD85B64CC7}.Debug_DX|ARM.ActiveCfg = Debug|ARM
		{DF52E6E9-63B7-4E79-9DFF-D7FD85B64CC7}.Debug_DX|ARM.Build.0 = Debug|ARM
		{DF52E6E9-63B7-4E79-9DFF-D7FD85B64CC7}.Debug_DX|Win32.ActiveCfg = Debug|Win32
		{DF52E6E9-63B7-4E79-9DFF-D7FD85B64CC7}.Debug_DX|Win32.Build.0 = Debug|Win32
		{DF52E6E9-63B7-4E79-9DFF-D7FD85B64CC7}.Debug_DX|x64.ActiveCfg = Debug|x64
		{DF52E6E9-63B7-4E79-9DFF-D7FD85B64CC7}.Debug_DX|x64.Build.0 = Debug|x64
		{DF52E6E9-63B7-4E79-9DFF-D7FD85B64CC7}.Debug_OpenGL|ARM.ActiveCfg = Debug|ARM
		{DF52E6E9-63B7-4E79-9DFF-D7FD85B64CC7}.Debug_OpenGL|ARM.Build.0 = Debug|ARM
		{DF52E6E9-63B7-4E79-9DFF-D7FD85B64CC7}.Debug_OpenGL|Win32.ActiveCfg = Debug|Win32
		{DF52E6E9-63B7-4E79-9DFF-D7FD85B64CC7}.Debug_OpenGL|Win32.Build.0 = Debug|Win32
		{DF52E6E9-63B7-4E79-9DFF-D7FD85B64CC7}.Debug_OpenGL|x64.ActiveCfg = Debug|x64
		{DF52E6E9-63B7-4E79-9DFF-D7FD85B64CC7}.Debug_OpenGL|x64.Build.0 = Debug|x64
		{DF52E6E9-63B7-4E79-9DFF-D7FD85B64CC7}.Debug_SoftWare|ARM.ActiveCfg = Debug|ARM
		{DF52E6E9-63B7-4E79-9DFF-D7FD85B64CC7}.Debug_SoftWare|ARM.Build.0 = Debug|ARM
		{DF52E6E9-63B7-4E79-9DFF-D7FD85B64CC7}.Debug_SoftWare|Win32.ActiveCfg = Debug|Win32
		{DF52E6E9-63B7-4E79-9DFF-D7FD85B64CC7}.Debug_SoftWare|Win32.Build.0 = Debug|Win32
		{DF52E6E9-63B7-4E79-9DFF-D7FD85B64CC7}.Debug_SoftWare|x64.ActiveCfg = Debug|x64
		{DF52E6E9-63B7-4E79-9DFF-D7FD85B64CC7}.Debug_SoftWare|x64.Build.0 = Debug|x64
		{DF52E6E9-63B7-4E79-9DFF-D7FD85B64CC7}.Debug|ARM.ActiveCfg = Debug|ARM
		{DF52E6E9-63B7-4E79-9DFF-D7FD85B64CC7}.Debug|ARM.Build.0 = Debug|ARM
		{DF52E6E9-63B7-4E79-9DFF-D7FD85B64CC7}.Debug|Win32.ActiveCfg = Debug|Win32
		{DF52E6E9-63B7-4E79-9DFF-D7FD85B64CC7}.Debug|Win32.Build.0 = Debug|Win32
		{DF52E6E9-63B7-4E79-9DFF-D7FD85B64CC7}.Debug|x64.ActiveCfg = Debug|x64
		{DF52E6E9-63B7-4E79-9DFF-D7FD85B64CC7}.Debug|x64.Build.0 = Debug|x64
		{DF52E6E9-63B7-4E79-9DFF-D7FD85B64CC7}.Release|ARM.ActiveCfg = Release|ARM
		{DF52E6E9-63B7-4E79-9DFF-D7FD85B64CC7}.Release|ARM.Build.0 = Release|ARM
		{DF52E6E9-63B7-4E79-9DFF-D7FD85B64CC7}.Release|Win32.ActiveCfg = Release|Win32
		{DF52E6E9-63B7-4E79-9DFF-D7FD85B64CC7}.Release|Win32.Build.0 = Release|Win32
		{DF52E6E9-63B7-4E79-9DFF-D7FD85B64CC7}.Release|x64.ActiveCfg = Release|x64
		{DF52E6E9-63B7-4E79-9DFF-D7FD85B64CC7}.Release|x64.Build.0 = Release|x64
	EndGlobalSection
	GlobalSection(SolutionProperties) = preSolution
		HideSolutionNode = FALSE
	EndGlobalSection
	GlobalSection(NestedProjects) = preSolution
		{A99C0649-C5EB-4A75-ADF4-44DD8E088F20} = {2435B5C8-4D63-49CB-AF4C-AB5BAFB76B4F}
		{46CC090B-9B4A-4167-8A26-68C79296B279} = {FD19E3CA-32EE-4E1C-AF35-D442B9ADF907}
		{9664FA6C-32FE-4812-ADDD-F6FC26EF65F1} = {FD19E3CA-32EE-4E1C-AF35-D442B9ADF907}
		{D1653AA2-01B6-4CB7-A528-048931CB4CC7} = {FD19E3CA-32EE-4E1C-AF35-D442B9ADF907}
		{794CD469-8726-4B6F-93AA-CF2C4BB171C5} = {FD19E3CA-32EE-4E1C-AF35-D442B9ADF907}
		{1EFD844E-9062-446A-B9D2-17377E4655CC} = {FD19E3CA-32EE-4E1C-AF35-D442B9ADF907}
		{DF52E6E9-63B7-4E79-9DFF-D7FD85B64CC7} = {FD19E3CA-32EE-4E1C-AF35-D442B9ADF907}
	EndGlobalSection
EndGlobal
