
Microsoft Visual Studio Solution File, Format Version 12.00
# Visual Studio 14
VisualStudioVersion = 14.0.25420.1
MinimumVisualStudioVersion = 10.0.40219.1
Project("{2150E333-8FDC-42A3-9474-1A3956D46DE8}") = "Libraries", "Libraries", "{FD19E3CA-32EE-4E1C-AF35-D442B9ADF907}"
EndProject
Project("{8BC9CEB8-8B4A-11D0-8D11-00A0C91BC942}") = "LibCore", "LibCore\libCore.vcxproj", "{46CC090B-9B4A-4167-8A26-68C79296B279}"
EndProject
Project("{2150E333-8FDC-42A3-9474-1A3956D46DE8}") = "Samples", "Samples", "{2435B5C8-4D63-49CB-AF4C-AB5BAFB76B4F}"
EndProject
Project("{8BC9CEB8-8B4A-11D0-8D11-00A0C91BC942}") = "LibGraphics", "LibGraphics\LibGraphics.vcxproj", "{394D5580-530D-4FE4-8662-BE2943B06C0D}"
EndProject
Project("{8BC9CEB8-8B4A-11D0-8D11-00A0C91BC942}") = "LibImages", "LibImages\LibImages.vcxproj", "{033D34D7-91F8-4B05-9500-D86AE8656595}"
EndProject
Project("{8BC9CEB8-8B4A-11D0-8D11-00A0C91BC942}") = "LibMathematics", "LibMathematics\LibMathematics.vcxproj", "{F0A3C6FD-2499-4FCF-9F7E-CB8BF4FEE4DC}"
EndProject
Project("{8BC9CEB8-8B4A-11D0-8D11-00A0C91BC942}") = "Light", "Sample\Light\3DSoftRender.vcxproj", "{A99C0649-C5EB-4A75-ADF4-44DD8E088F20}"
	ProjectSection(ProjectDependencies) = postProject
		{46CC090B-9B4A-4167-8A26-68C79296B279} = {46CC090B-9B4A-4167-8A26-68C79296B279}
		{394D5580-530D-4FE4-8662-BE2943B06C0D} = {394D5580-530D-4FE4-8662-BE2943B06C0D}
		{9DBC03CA-7078-4572-BAEA-BD9E946101F4} = {9DBC03CA-7078-4572-BAEA-BD9E946101F4}
		{033D34D7-91F8-4B05-9500-D86AE8656595} = {033D34D7-91F8-4B05-9500-D86AE8656595}
		{0DD30BE6-AF32-48DB-A3B0-70DB14259B78} = {0DD30BE6-AF32-48DB-A3B0-70DB14259B78}
		{F0A3C6FD-2499-4FCF-9F7E-CB8BF4FEE4DC} = {F0A3C6FD-2499-4FCF-9F7E-CB8BF4FEE4DC}
	EndProjectSection
EndProject
Project("{8BC9CEB8-8B4A-11D0-8D11-00A0C91BC942}") = "LibApplication", "LibApplication\LibApplication.vcxproj", "{9DBC03CA-7078-4572-BAEA-BD9E946101F4}"
EndProject
Project("{8BC9CEB8-8B4A-11D0-8D11-00A0C91BC942}") = "LibLoader", "LibLoader\LibLoader.vcxproj", "{0DD30BE6-AF32-48DB-A3B0-70DB14259B78}"
EndProject
Project("{8BC9CEB8-8B4A-11D0-8D11-00A0C91BC942}") = "DirectXTK_Desktop_2015", "DirectXTK-master\DirectXTK_Desktop_2015.vcxproj", "{E0B52AE7-E160-4D32-BF3F-910B785E5A8E}"
EndProject
Global
	GlobalSection(SolutionConfigurationPlatforms) = preSolution
		Debug_DX|ARM = Debug_DX|ARM
		Debug_DX|Win32 = Debug_DX|Win32
		Debug_DX|x64 = Debug_DX|x64
		Debug_OpenGL|ARM = Debug_OpenGL|ARM
		Debug_OpenGL|Win32 = Debug_OpenGL|Win32
		Debug_OpenGL|x64 = Debug_OpenGL|x64
		Debug_SoftWare|ARM = Debug_SoftWare|ARM
		Debug_SoftWare|Win32 = Debug_SoftWare|Win32
		Debug_SoftWare|x64 = Debug_SoftWare|x64
		Debug|ARM = Debug|ARM
		Debug|Win32 = Debug|Win32
		Debug|x64 = Debug|x64
		Release|ARM = Release|ARM
		Release|Win32 = Release|Win32
		Release|x64 = Release|x64
	EndGlobalSection
	GlobalSection(ProjectConfigurationPlatforms) = postSolution
		{46CC090B-9B4A-4167-8A26-68C79296B279}.Debug_DX|ARM.ActiveCfg = Debug|Win32
		{46CC090B-9B4A-4167-8A26-68C79296B279}.Debug_DX|Win32.ActiveCfg = Debug|Win32
		{46CC090B-9B4A-4167-8A26-68C79296B279}.Debug_DX|Win32.Build.0 = Debug|Win32
		{46CC090B-9B4A-4167-8A26-68C79296B279}.Debug_DX|x64.ActiveCfg = Debug|Win32
		{46CC090B-9B4A-4167-8A26-68C79296B279}.Debug_OpenGL|ARM.ActiveCfg = Debug|Win32
		{46CC090B-9B4A-4167-8A26-68C79296B279}.Debug_OpenGL|Win32.ActiveCfg = Debug|Win32
		{46CC090B-9B4A-4167-8A26-68C79296B279}.Debug_OpenGL|Win32.Build.0 = Debug|Win32
		{46CC090B-9B4A-4167-8A26-68C79296B279}.Debug_OpenGL|x64.ActiveCfg = Debug|Win32
		{46CC090B-9B4A-4167-8A26-68C79296B279}.Debug_SoftWare|ARM.ActiveCfg = Debug|Win32
		{46CC090B-9B4A-4167-8A26-68C79296B279}.Debug_SoftWare|Win32.ActiveCfg = Debug|Win32
		{46CC090B-9B4A-4167-8A26-68C79296B279}.Debug_SoftWare|Win32.Build.0 = Debug|Win32
		{46CC090B-9B4A-4167-8A26-68C79296B279}.Debug_SoftWare|x64.ActiveCfg = Debug|x64
		{46CC090B-9B4A-4167-8A26-68C79296B279}.Debug_SoftWare|x64.Build.0 = Debug|x64
		{46CC090B-9B4A-4167-8A26-68C79296B279}.Debug|ARM.ActiveCfg = Debug|Win32
		{46CC090B-9B4A-4167-8A26-68C79296B279}.Debug|Win32.ActiveCfg = Debug|Win32
		{46CC090B-9B4A-4167-8A26-68C79296B279}.Debug|Win32.Build.0 = Debug|Win32
		{46CC090B-9B4A-4167-8A26-68C79296B279}.Debug|x64.ActiveCfg = Debug|x64
		{46CC090B-9B4A-4167-8A26-68C79296B279}.Debug|x64.Build.0 = Debug|x64
		{46CC090B-9B4A-4167-8A26-68C79296B279}.Release|ARM.ActiveCfg = Release|Win32
		{46CC090B-9B4A-4167-8A26-68C79296B279}.Release|Win32.ActiveCfg = Release|Win32
		{46CC090B-9B4A-4167-8A26-68C79296B279}.Release|Win32.Build.0 = Release|Win32
		{46CC090B-9B4A-4167-8A26-68C79296B279}.Release|x64.ActiveCfg = Release|Win32
		{394D5580-530D-4FE4-8662-BE2943B06C0D}.Debug_DX|ARM.ActiveCfg = Release|x64
		{394D5580-530D-4FE4-8662-BE2943B06C0D}.Debug_DX|ARM.Build.0 = Release|x64
		{394D5580-530D-4FE4-8662-BE2943B06C0D}.Debug_DX|Win32.ActiveCfg = Debug|Win32
		{394D5580-530D-4FE4-8662-BE2943B06C0D}.Debug_DX|Win32.Build.0 = Debug|Win32
		{394D5580-530D-4FE4-8662-BE2943B06C0D}.Debug_DX|x64.ActiveCfg = Debug|x64
		{394D5580-530D-4FE4-8662-BE2943B06C0D}.Debug_DX|x64.Build.0 = Debug|x64
		{394D5580-530D-4FE4-8662-BE2943B06C0D}.Debug_OpenGL|ARM.ActiveCfg = Release|x64
		{394D5580-530D-4FE4-8662-BE2943B06C0D}.Debug_OpenGL|ARM.Build.0 = Release|x64
		{394D5580-530D-4FE4-8662-BE2943B06C0D}.Debug_OpenGL|Win32.ActiveCfg = Debug|Win32
		{394D5580-530D-4FE4-8662-BE2943B06C0D}.Debug_OpenGL|Win32.Build.0 = Debug|Win32
		{394D5580-530D-4FE4-8662-BE2943B06C0D}.Debug_OpenGL|x64.ActiveCfg = Debug|x64
		{394D5580-530D-4FE4-8662-BE2943B06C0D}.Debug_OpenGL|x64.Build.0 = Debug|x64
		{394D5580-530D-4FE4-8662-BE2943B06C0D}.Debug_SoftWare|ARM.ActiveCfg = Release|x64
		{394D5580-530D-4FE4-8662-BE2943B06C0D}.Debug_SoftWare|ARM.Build.0 = Release|x64
		{394D5580-530D-4FE4-8662-BE2943B06C0D}.Debug_SoftWare|Win32.ActiveCfg = Debug|Win32
		{394D5580-530D-4FE4-8662-BE2943B06C0D}.Debug_SoftWare|Win32.Build.0 = Debug|Win32
		{394D5580-530D-4FE4-8662-BE2943B06C0D}.Debug_SoftWare|x64.ActiveCfg = Debug|x64
		{394D5580-530D-4FE4-8662-BE2943B06C0D}.Debug_SoftWare|x64.Build.0 = Debug|x64
		{394D5580-530D-4FE4-8662-BE2943B06C0D}.Debug|ARM.ActiveCfg = Debug|Win32
		{394D5580-530D-4FE4-8662-BE2943B06C0D}.Debug|Win32.ActiveCfg = Debug|Win32
		{394D5580-530D-4FE4-8662-BE2943B06C0D}.Debug|Win32.Build.0 = Debug|Win32
		{394D5580-530D-4FE4-8662-BE2943B06C0D}.Debug|x64.ActiveCfg = Debug|x64
		{394D5580-530D-4FE4-8662-BE2943B06C0D}.Debug|x64.Build.0 = Debug|x64
		{394D5580-530D-4FE4-8662-BE2943B06C0D}.Release|ARM.ActiveCfg = Release|Win32
		{394D5580-530D-4FE4-8662-BE2943B06C0D}.Release|Win32.ActiveCfg = Release|Win32
		{394D5580-530D-4FE4-8662-BE2943B06C0D}.Release|Win32.Build.0 = Release|Win32
		{394D5580-530D-4FE4-8662-BE2943B06C0D}.Release|x64.ActiveCfg = Release|x64
		{394D5580-530D-4FE4-8662-BE2943B06C0D}.Release|x64.Build.0 = Release|x64
		{033D34D7-91F8-4B05-9500-D86AE8656595}.Debug_DX|ARM.ActiveCfg = Release|x64
		{033D34D7-91F8-4B05-9500-D86AE8656595}.Debug_DX|ARM.Build.0 = Release|x64
		{033D34D7-91F8-4B05-9500-D86AE8656595}.Debug_DX|Win32.ActiveCfg = Debug|Win32
		{033D34D7-91F8-4B05-9500-D86AE8656595}.Debug_DX|Win32.Build.0 = Debug|Win32
		{033D34D7-91F8-4B05-9500-D86AE8656595}.Debug_DX|x64.ActiveCfg = Debug|x64
		{033D34D7-91F8-4B05-9500-D86AE8656595}.Debug_DX|x64.Build.0 = Debug|x64
		{033D34D7-91F8-4B05-9500-D86AE8656595}.Debug_OpenGL|ARM.ActiveCfg = Release|x64
		{033D34D7-91F8-4B05-9500-D86AE8656595}.Debug_OpenGL|ARM.Build.0 = Release|x64
		{033D34D7-91F8-4B05-9500-D86AE8656595}.Debug_OpenGL|Win32.ActiveCfg = Debug|Win32
		{033D34D7-91F8-4B05-9500-D86AE8656595}.Debug_OpenGL|Win32.Build.0 = Debug|Win32
		{033D34D7-91F8-4B05-9500-D86AE8656595}.Debug_OpenGL|x64.ActiveCfg = Debug|x64
		{033D34D7-91F8-4B05-9500-D86AE8656595}.Debug_OpenGL|x64.Build.0 = Debug|x64
		{033D34D7-91F8-4B05-9500-D86AE8656595}.Debug_SoftWare|ARM.ActiveCfg = Release|x64
		{033D34D7-91F8-4B05-9500-D86AE8656595}.Debug_SoftWare|ARM.Build.0 = Release|x64
		{033D34D7-91F8-4B05-9500-D86AE8656595}.Debug_SoftWare|Win32.ActiveCfg = Debug|Win32
		{033D34D7-91F8-4B05-9500-D86AE8656595}.Debug_SoftWare|Win32.Build.0 = Debug|Win32
		{033D34D7-91F8-4B05-9500-D86AE8656595}.Debug_SoftWare|x64.ActiveCfg = Debug|x64
		{033D34D7-91F8-4B05-9500-D86AE8656595}.Debug_SoftWare|x64.Build.0 = Debug|x64
		{033D34D7-91F8-4B05-9500-D86AE8656595}.Debug|ARM.ActiveCfg = Debug|Win32
		{033D34D7-91F8-4B05-9500-D86AE8656595}.Debug|Win32.ActiveCfg = Debug|Win32
		{033D34D7-91F8-4B05-9500-D86AE8656595}.Debug|Win32.Build.0 = Debug|Win32
		{033D34D7-91F8-4B05-9500-D86AE8656595}.Debug|x64.ActiveCfg = Debug|x64
		{033D34D7-91F8-4B05-9500-D86AE8656595}.Debug|x64.Build.0 = Debug|x64
		{033D34D7-91F8-4B05-9500-D86AE8656595}.Release|ARM.ActiveCfg = Release|Win32
		{033D34D7-91F8-4B05-9500-D86AE8656595}.Release|Win32.ActiveCfg = Release|Win32
		{033D34D7-91F8-4B05-9500-D86AE8656595}.Release|Win32.Build.0 = Release|Win32
		{033D34D7-91F8-4B05-9500-D86AE8656595}.Release|x64.ActiveCfg = Release|x64
		{033D34D7-91F8-4B05-9500-D86AE8656595}.Release|x64.Build.0 = Release|x64
		{F0A3C6FD-2499-4FCF-9F7E-CB8BF4FEE4DC}.Debug_DX|ARM.ActiveCfg = Release|x64
		{F0A3C6FD-2499-4FCF-9F7E-CB8BF4FEE4DC}.Debug_DX|ARM.Build.0 = Release|x64
		{F0A3C6FD-2499-4FCF-9F7E-CB8BF4FEE4DC}.Debug_DX|Win32.ActiveCfg = Debug|Win32
		{F0A3C6FD-2499-4FCF-9F7E-CB8BF4FEE4DC}.Debug_DX|Win32.Build.0 = Debug|Win32
		{F0A3C6FD-2499-4FCF-9F7E-CB8BF4FEE4DC}.Debug_DX|x64.ActiveCfg = Debug|x64
		{F0A3C6FD-2499-4FCF-9F7E-CB8BF4FEE4DC}.Debug_DX|x64.Build.0 = Debug|x64
		{F0A3C6FD-2499-4FCF-9F7E-CB8BF4FEE4DC}.Debug_OpenGL|ARM.ActiveCfg = Release|x64
		{F0A3C6FD-2499-4FCF-9F7E-CB8BF4FEE4DC}.Debug_OpenGL|ARM.Build.0 = Release|x64
		{F0A3C6FD-2499-4FCF-9F7E-CB8BF4FEE4DC}.Debug_OpenGL|Win32.ActiveCfg = Debug|Win32
		{F0A3C6FD-2499-4FCF-9F7E-CB8BF4FEE4DC}.Debug_OpenGL|Win32.Build.0 = Debug|Win32
		{F0A3C6FD-2499-4FCF-9F7E-CB8BF4FEE4DC}.Debug_OpenGL|x64.ActiveCfg = Debug|x64
		{F0A3C6FD-2499-4FCF-9F7E-CB8BF4FEE4DC}.Debug_OpenGL|x64.Build.0 = Debug|x64
		{F0A3C6FD-2499-4FCF-9F7E-CB8BF4FEE4DC}.Debug_SoftWare|ARM.ActiveCfg = Release|x64
		{F0A3C6FD-2499-4FCF-9F7E-CB8BF4FEE4DC}.Debug_SoftWare|ARM.Build.0 = Release|x64
		{F0A3C6FD-2499-4FCF-9F7E-CB8BF4FEE4DC}.Debug_SoftWare|Win32.ActiveCfg = Debug|Win32
		{F0A3C6FD-2499-4FCF-9F7E-CB8BF4FEE4DC}.Debug_SoftWare|Win32.Build.0 = Debug|Win32
		{F0A3C6FD-2499-4FCF-9F7E-CB8BF4FEE4DC}.Debug_SoftWare|x64.ActiveCfg = Debug|x64
		{F0A3C6FD-2499-4FCF-9F7E-CB8BF4FEE4DC}.Debug_SoftWare|x64.Build.0 = Debug|x64
		{F0A3C6FD-2499-4FCF-9F7E-CB8BF4FEE4DC}.Debug|ARM.ActiveCfg = Debug|Win32
		{F0A3C6FD-2499-4FCF-9F7E-CB8BF4FEE4DC}.Debug|Win32.ActiveCfg = Debug|Win32
		{F0A3C6FD-2499-4FCF-9F7E-CB8BF4FEE4DC}.Debug|Win32.Build.0 = Debug|Win32
		{F0A3C6FD-2499-4FCF-9F7E-CB8BF4FEE4DC}.Debug|x64.ActiveCfg = Debug|x64
		{F0A3C6FD-2499-4FCF-9F7E-CB8BF4FEE4DC}.Debug|x64.Build.0 = Debug|x64
		{F0A3C6FD-2499-4FCF-9F7E-CB8BF4FEE4DC}.Release|ARM.ActiveCfg = Release|Win32
		{F0A3C6FD-2499-4FCF-9F7E-CB8BF4FEE4DC}.Release|Win32.ActiveCfg = Release|Win32
		{F0A3C6FD-2499-4FCF-9F7E-CB8BF4FEE4DC}.Release|Win32.Build.0 = Release|Win32
		{F0A3C6FD-2499-4FCF-9F7E-CB8BF4FEE4DC}.Release|x64.ActiveCfg = Release|x64
		{F0A3C6FD-2499-4FCF-9F7E-CB8BF4FEE4DC}.Release|x64.Build.0 = Release|x64
		{A99C0649-C5EB-4A75-ADF4-44DD8E088F20}.Debug_DX|ARM.ActiveCfg = Debug_DX|Win32
		{A99C0649-C5EB-4A75-ADF4-44DD8E088F20}.Debug_DX|Win32.ActiveCfg = Debug_DX|Win32
		{A99C0649-C5EB-4A75-ADF4-44DD8E088F20}.Debug_DX|Win32.Build.0 = Debug_DX|Win32
		{A99C0649-C5EB-4A75-ADF4-44DD8E088F20}.Debug_DX|x64.ActiveCfg = Debug_DX|Win32
		{A99C0649-C5EB-4A75-ADF4-44DD8E088F20}.Debug_OpenGL|ARM.ActiveCfg = Debug_OpenGL|Win32
		{A99C0649-C5EB-4A75-ADF4-44DD8E088F20}.Debug_OpenGL|Win32.ActiveCfg = Debug_OpenGL|Win32
		{A99C0649-C5EB-4A75-ADF4-44DD8E088F20}.Debug_OpenGL|Win32.Build.0 = Debug_OpenGL|Win32
		{A99C0649-C5EB-4A75-ADF4-44DD8E088F20}.Debug_OpenGL|x64.ActiveCfg = Debug_OpenGL|Win32
		{A99C0649-C5EB-4A75-ADF4-44DD8E088F20}.Debug_SoftWare|ARM.ActiveCfg = Debug_SoftWare|Win32
		{A99C0649-C5EB-4A75-ADF4-44DD8E088F20}.Debug_SoftWare|Win32.ActiveCfg = Debug_SoftWare|Win32
		{A99C0649-C5EB-4A75-ADF4-44DD8E088F20}.Debug_SoftWare|Win32.Build.0 = Debug_SoftWare|Win32
		{A99C0649-C5EB-4A75-ADF4-44DD8E088F20}.Debug_SoftWare|x64.ActiveCfg = Debug_SoftWare|x64
		{A99C0649-C5EB-4A75-ADF4-44DD8E088F20}.Debug_SoftWare|x64.Deploy.0 = Debug_SoftWare|x64
		{A99C0649-C5EB-4A75-ADF4-44DD8E088F20}.Debug|ARM.ActiveCfg = Debug|Win32
		{A99C0649-C5EB-4A75-ADF4-44DD8E088F20}.Debug|Win32.ActiveCfg = Debug|Win32
		{A99C0649-C5EB-4A75-ADF4-44DD8E088F20}.Debug|Win32.Build.0 = Debug|Win32
		{A99C0649-C5EB-4A75-ADF4-44DD8E088F20}.Debug|x64.ActiveCfg = Debug|x64
		{A99C0649-C5EB-4A75-ADF4-44DD8E088F20}.Debug|x64.Build.0 = Debug|x64
		{A99C0649-C5EB-4A75-ADF4-44DD8E088F20}.Release|ARM.ActiveCfg = Release|Win32
		{A99C0649-C5EB-4A75-ADF4-44DD8E088F20}.Release|Win32.ActiveCfg = Release|Win32
		{A99C0649-C5EB-4A75-ADF4-44DD8E088F20}.Release|Win32.Build.0 = Release|Win32
		{A99C0649-C5EB-4A75-ADF4-44DD8E088F20}.Release|x64.ActiveCfg = Release|Win32
		{9DBC03CA-7078-4572-BAEA-BD9E946101F4}.Debug_DX|ARM.ActiveCfg = Release|Win32
		{9DBC03CA-7078-4572-BAEA-BD9E946101F4}.Debug_DX|ARM.Build.0 = Release|Win32
		{9DBC03CA-7078-4572-BAEA-BD9E946101F4}.Debug_DX|Win32.ActiveCfg = Debug|Win32
		{9DBC03CA-7078-4572-BAEA-BD9E946101F4}.Debug_DX|Win32.Build.0 = Debug|Win32
		{9DBC03CA-7078-4572-BAEA-BD9E946101F4}.Debug_DX|x64.ActiveCfg = Release|Win32
		{9DBC03CA-7078-4572-BAEA-BD9E946101F4}.Debug_DX|x64.Build.0 = Release|Win32
		{9DBC03CA-7078-4572-BAEA-BD9E946101F4}.Debug_OpenGL|ARM.ActiveCfg = Release|Win32
		{9DBC03CA-7078-4572-BAEA-BD9E946101F4}.Debug_OpenGL|ARM.Build.0 = Release|Win32
		{9DBC03CA-7078-4572-BAEA-BD9E946101F4}.Debug_OpenGL|Win32.ActiveCfg = Debug|Win32
		{9DBC03CA-7078-4572-BAEA-BD9E946101F4}.Debug_OpenGL|Win32.Build.0 = Debug|Win32
		{9DBC03CA-7078-4572-BAEA-BD9E946101F4}.Debug_OpenGL|x64.ActiveCfg = Release|Win32
		{9DBC03CA-7078-4572-BAEA-BD9E946101F4}.Debug_OpenGL|x64.Build.0 = Release|Win32
		{9DBC03CA-7078-4572-BAEA-BD9E946101F4}.Debug_SoftWare|ARM.ActiveCfg = Release|Win32
		{9DBC03CA-7078-4572-BAEA-BD9E946101F4}.Debug_SoftWare|ARM.Build.0 = Release|Win32
		{9DBC03CA-7078-4572-BAEA-BD9E946101F4}.Debug_SoftWare|Win32.ActiveCfg = Debug|Win32
		{9DBC03CA-7078-4572-BAEA-BD9E946101F4}.Debug_SoftWare|Win32.Build.0 = Debug|Win32
		{9DBC03CA-7078-4572-BAEA-BD9E946101F4}.Debug_SoftWare|x64.ActiveCfg = Debug|x64
		{9DBC03CA-7078-4572-BAEA-BD9E946101F4}.Debug_SoftWare|x64.Build.0 = Debug|x64
		{9DBC03CA-7078-4572-BAEA-BD9E946101F4}.Debug|ARM.ActiveCfg = Debug|Win32
		{9DBC03CA-7078-4572-BAEA-BD9E946101F4}.Debug|Win32.ActiveCfg = Debug|Win32
		{9DBC03CA-7078-4572-BAEA-BD9E946101F4}.Debug|Win32.Build.0 = Debug|Win32
		{9DBC03CA-7078-4572-BAEA-BD9E946101F4}.Debug|x64.ActiveCfg = Debug|x64
		{9DBC03CA-7078-4572-BAEA-BD9E946101F4}.Debug|x64.Build.0 = Debug|x64
		{9DBC03CA-7078-4572-BAEA-BD9E946101F4}.Debug|x64.Deploy.0 = Debug|x64
		{9DBC03CA-7078-4572-BAEA-BD9E946101F4}.Release|ARM.ActiveCfg = Release|Win32
		{9DBC03CA-7078-4572-BAEA-BD9E946101F4}.Release|Win32.ActiveCfg = Release|Win32
		{9DBC03CA-7078-4572-BAEA-BD9E946101F4}.Release|Win32.Build.0 = Release|Win32
		{9DBC03CA-7078-4572-BAEA-BD9E946101F4}.Release|x64.ActiveCfg = Release|Win32
		{0DD30BE6-AF32-48DB-A3B0-70DB14259B78}.Debug_DX|ARM.ActiveCfg = Release|x64
		{0DD30BE6-AF32-48DB-A3B0-70DB14259B78}.Debug_DX|ARM.Build.0 = Release|x64
		{0DD30BE6-AF32-48DB-A3B0-70DB14259B78}.Debug_DX|Win32.ActiveCfg = Debug|Win32
		{0DD30BE6-AF32-48DB-A3B0-70DB14259B78}.Debug_DX|Win32.Build.0 = Debug|Win32
		{0DD30BE6-AF32-48DB-A3B0-70DB14259B78}.Debug_DX|x64.ActiveCfg = Debug|x64
		{0DD30BE6-AF32-48DB-A3B0-70DB14259B78}.Debug_DX|x64.Build.0 = Debug|x64
		{0DD30BE6-AF32-48DB-A3B0-70DB14259B78}.Debug_OpenGL|ARM.ActiveCfg = Release|x64
		{0DD30BE6-AF32-48DB-A3B0-70DB14259B78}.Debug_OpenGL|ARM.Build.0 = Release|x64
		{0DD30BE6-AF32-48DB-A3B0-70DB14259B78}.Debug_OpenGL|Win32.ActiveCfg = Debug|Win32
		{0DD30BE6-AF32-48DB-A3B0-70DB14259B78}.Debug_OpenGL|Win32.Build.0 = Debug|Win32
		{0DD30BE6-AF32-48DB-A3B0-70DB14259B78}.Debug_OpenGL|x64.ActiveCfg = Debug|x64
		{0DD30BE6-AF32-48DB-A3B0-70DB14259B78}.Debug_OpenGL|x64.Build.0 = Debug|x64
		{0DD30BE6-AF32-48DB-A3B0-70DB14259B78}.Debug_SoftWare|ARM.ActiveCfg = Release|x64
		{0DD30BE6-AF32-48DB-A3B0-70DB14259B78}.Debug_SoftWare|ARM.Build.0 = Release|x64
		{0DD30BE6-AF32-48DB-A3B0-70DB14259B78}.Debug_SoftWare|Win32.ActiveCfg = Debug|Win32
		{0DD30BE6-AF32-48DB-A3B0-70DB14259B78}.Debug_SoftWare|Win32.Build.0 = Debug|Win32
		{0DD30BE6-AF32-48DB-A3B0-70DB14259B78}.Debug_SoftWare|x64.ActiveCfg = Debug|x64
		{0DD30BE6-AF32-48DB-A3B0-70DB14259B78}.Debug_SoftWare|x64.Build.0 = Debug|x64
		{0DD30BE6-AF32-48DB-A3B0-70DB14259B78}.Debug|ARM.ActiveCfg = Debug|Win32
		{0DD30BE6-AF32-48DB-A3B0-70DB14259B78}.Debug|Win32.ActiveCfg = Debug|Win32
		{0DD30BE6-AF32-48DB-A3B0-70DB14259B78}.Debug|Win32.Build.0 = Debug|Win32
		{0DD30BE6-AF32-48DB-A3B0-70DB14259B78}.Debug|x64.ActiveCfg = Debug|x64
		{0DD30BE6-AF32-48DB-A3B0-70DB14259B78}.Debug|x64.Build.0 = Debug|x64
		{0DD30BE6-AF32-48DB-A3B0-70DB14259B78}.Release|ARM.ActiveCfg = Release|Win32
		{0DD30BE6-AF32-48DB-A3B0-70DB14259B78}.Release|Win32.ActiveCfg = Release|Win32
		{0DD30BE6-AF32-48DB-A3B0-70DB14259B78}.Release|Win32.Build.0 = Release|Win32
		{0DD30BE6-AF32-48DB-A3B0-70DB14259B78}.Release|x64.ActiveCfg = Release|x64
		{0DD30BE6-AF32-48DB-A3B0-70DB14259B78}.Release|x64.Build.0 = Release|x64
		{E0B52AE7-E160-4D32-BF3F-910B785E5A8E}.Debug_DX|ARM.ActiveCfg = Release|x64
		{E0B52AE7-E160-4D32-BF3F-910B785E5A8E}.Debug_DX|ARM.Build.0 = Release|x64
		{E0B52AE7-E160-4D32-BF3F-910B785E5A8E}.Debug_DX|Win32.ActiveCfg = Debug|Win32
		{E0B52AE7-E160-4D32-BF3F-910B785E5A8E}.Debug_DX|Win32.Build.0 = Debug|Win32
		{E0B52AE7-E160-4D32-BF3F-910B785E5A8E}.Debug_DX|x64.ActiveCfg = Debug|x64
		{E0B52AE7-E160-4D32-BF3F-910B785E5A8E}.Debug_DX|x64.Build.0 = Debug|x64
		{E0B52AE7-E160-4D32-BF3F-910B785E5A8E}.Debug_OpenGL|ARM.ActiveCfg = Release|x64
		{E0B52AE7-E160-4D32-BF3F-910B785E5A8E}.Debug_OpenGL|ARM.Build.0 = Release|x64
		{E0B52AE7-E160-4D32-BF3F-910B785E5A8E}.Debug_OpenGL|Win32.ActiveCfg = Debug|Win32
		{E0B52AE7-E160-4D32-BF3F-910B785E5A8E}.Debug_OpenGL|Win32.Build.0 = Debug|Win32
		{E0B52AE7-E160-4D32-BF3F-910B785E5A8E}.Debug_OpenGL|x64.ActiveCfg = Debug|x64
		{E0B52AE7-E160-4D32-BF3F-910B785E5A8E}.Debug_OpenGL|x64.Build.0 = Debug|x64
		{E0B52AE7-E160-4D32-BF3F-910B785E5A8E}.Debug_SoftWare|ARM.ActiveCfg = Release|x64
		{E0B52AE7-E160-4D32-BF3F-910B785E5A8E}.Debug_SoftWare|ARM.Build.0 = Release|x64
		{E0B52AE7-E160-4D32-BF3F-910B785E5A8E}.Debug_SoftWare|Win32.ActiveCfg = Debug|Win32
		{E0B52AE7-E160-4D32-BF3F-910B785E5A8E}.Debug_SoftWare|Win32.Build.0 = Debug|Win32
		{E0B52AE7-E160-4D32-BF3F-910B785E5A8E}.Debug_SoftWare|x64.ActiveCfg = Debug|x64
		{E0B52AE7-E160-4D32-BF3F-910B785E5A8E}.Debug_SoftWare|x64.Build.0 = Debug|x64
		{E0B52AE7-E160-4D32-BF3F-910B785E5A8E}.Debug|ARM.ActiveCfg = Debug|Win32
		{E0B52AE7-E160-4D32-BF3F-910B785E5A8E}.Debug|Win32.ActiveCfg = Debug|Win32
		{E0B52AE7-E160-4D32-BF3F-910B785E5A8E}.Debug|Win32.Build.0 = Debug|Win32
		{E0B52AE7-E160-4D32-BF3F-910B785E5A8E}.Debug|x64.ActiveCfg = Debug|x64
		{E0B52AE7-E160-4D32-BF3F-910B785E5A8E}.Debug|x64.Build.0 = Debug|x64
		{E0B52AE7-E160-4D32-BF3F-910B785E5A8E}.Release|ARM.ActiveCfg = Release|Win32
		{E0B52AE7-E160-4D32-BF3F-910B785E5A8E}.Release|Win32.ActiveCfg = Release|Win32
		{E0B52AE7-E160-4D32-BF3F-910B785E5A8E}.Release|Win32.Build.0 = Release|Win32
		{E0B52AE7-E160-4D32-BF3F-910B785E5A8E}.Release|x64.ActiveCfg = Release|x64
		{E0B52AE7-E160-4D32-BF3F-910B785E5A8E}.Release|x64.Build.0 = Release|x64
	EndGlobalSection
	GlobalSection(SolutionProperties) = preSolution
		HideSolutionNode = FALSE
	EndGlobalSection
	GlobalSection(NestedProjects) = preSolution
		{46CC090B-9B4A-4167-8A26-68C79296B279} = {FD19E3CA-32EE-4E1C-AF35-D442B9ADF907}
		{394D5580-530D-4FE4-8662-BE2943B06C0D} = {FD19E3CA-32EE-4E1C-AF35-D442B9ADF907}
		{033D34D7-91F8-4B05-9500-D86AE8656595} = {FD19E3CA-32EE-4E1C-AF35-D442B9ADF907}
		{F0A3C6FD-2499-4FCF-9F7E-CB8BF4FEE4DC} = {FD19E3CA-32EE-4E1C-AF35-D442B9ADF907}
		{A99C0649-C5EB-4A75-ADF4-44DD8E088F20} = {2435B5C8-4D63-49CB-AF4C-AB5BAFB76B4F}
		{9DBC03CA-7078-4572-BAEA-BD9E946101F4} = {FD19E3CA-32EE-4E1C-AF35-D442B9ADF907}
		{0DD30BE6-AF32-48DB-A3B0-70DB14259B78} = {FD19E3CA-32EE-4E1C-AF35-D442B9ADF907}
		{E0B52AE7-E160-4D32-BF3F-910B785E5A8E} = {FD19E3CA-32EE-4E1C-AF35-D442B9ADF907}
	EndGlobalSection
EndGlobal
